// !$*UTF8*$!
{
	archiveVersion = 1;
	classes = {
	};
	objectVersion = 46;
	objects = {

/* Begin PBXBuildFile section */
		BA0062A314FC317F00A89995 /* StopButton.png in Resources */ = {isa = PBXBuildFile; fileRef = BA0062A114FC317E00A89995 /* StopButton.png */; };
		BA0062A414FC317F00A89995 /* StopButton@2x.png in Resources */ = {isa = PBXBuildFile; fileRef = BA0062A214FC317F00A89995 /* StopButton@2x.png */; };
		BA01204114FC34A600E1956E /* StartTimer.png in Resources */ = {isa = PBXBuildFile; fileRef = BA01203D14FC34A600E1956E /* StartTimer.png */; };
		BA01204214FC34A600E1956E /* StartTimer@2x.png in Resources */ = {isa = PBXBuildFile; fileRef = BA01203E14FC34A600E1956E /* StartTimer@2x.png */; };
		BA01204314FC34A600E1956E /* StopTimer.png in Resources */ = {isa = PBXBuildFile; fileRef = BA01203F14FC34A600E1956E /* StopTimer.png */; };
		BA01204414FC34A600E1956E /* StopTimer@2x.png in Resources */ = {isa = PBXBuildFile; fileRef = BA01204014FC34A600E1956E /* StopTimer@2x.png */; };
		BA019393142C146F004DCE8D /* Session.m in Sources */ = {isa = PBXBuildFile; fileRef = BA019392142C146F004DCE8D /* Session.m */; };
		BA19768214F95AC000085FAD /* CustomSegment.m in Sources */ = {isa = PBXBuildFile; fileRef = BA19768114F95AC000085FAD /* CustomSegment.m */; };
		BA19768814F9644B00085FAD /* MajOrMin0.png in Resources */ = {isa = PBXBuildFile; fileRef = BA19768414F9644B00085FAD /* MajOrMin0.png */; };
		BA19768914F9644B00085FAD /* MajOrMin0@2x.png in Resources */ = {isa = PBXBuildFile; fileRef = BA19768514F9644B00085FAD /* MajOrMin0@2x.png */; };
		BA19768A14F9644B00085FAD /* MajOrMin1.png in Resources */ = {isa = PBXBuildFile; fileRef = BA19768614F9644B00085FAD /* MajOrMin1.png */; };
		BA19768B14F9644B00085FAD /* MajOrMin1@2x.png in Resources */ = {isa = PBXBuildFile; fileRef = BA19768714F9644B00085FAD /* MajOrMin1@2x.png */; };
		BA19768E14F97A2000085FAD /* SegmentArrow.png in Resources */ = {isa = PBXBuildFile; fileRef = BA19768C14F97A2000085FAD /* SegmentArrow.png */; };
		BA19768F14F97A2000085FAD /* SegmentArrow@2x.png in Resources */ = {isa = PBXBuildFile; fileRef = BA19768D14F97A2000085FAD /* SegmentArrow@2x.png */; };
		BA19769814F9802200085FAD /* OctavesSegment0.png in Resources */ = {isa = PBXBuildFile; fileRef = BA19769014F9802200085FAD /* OctavesSegment0.png */; };
		BA19769914F9802200085FAD /* OctavesSegment0@2x.png in Resources */ = {isa = PBXBuildFile; fileRef = BA19769114F9802200085FAD /* OctavesSegment0@2x.png */; };
		BA19769A14F9802200085FAD /* OctavesSegment1.png in Resources */ = {isa = PBXBuildFile; fileRef = BA19769214F9802200085FAD /* OctavesSegment1.png */; };
		BA19769B14F9802200085FAD /* OctavesSegment1@2x.png in Resources */ = {isa = PBXBuildFile; fileRef = BA19769314F9802200085FAD /* OctavesSegment1@2x.png */; };
		BA19769C14F9802200085FAD /* OctavesSegment2.png in Resources */ = {isa = PBXBuildFile; fileRef = BA19769414F9802200085FAD /* OctavesSegment2.png */; };
		BA19769D14F9802200085FAD /* OctavesSegment2@2x.png in Resources */ = {isa = PBXBuildFile; fileRef = BA19769514F9802200085FAD /* OctavesSegment2@2x.png */; };
		BA19769E14F9802200085FAD /* OctavesSegment3.png in Resources */ = {isa = PBXBuildFile; fileRef = BA19769614F9802200085FAD /* OctavesSegment3.png */; };
		BA19769F14F9802200085FAD /* OctavesSegment3@2x.png in Resources */ = {isa = PBXBuildFile; fileRef = BA19769714F9802200085FAD /* OctavesSegment3@2x.png */; };
		BA1A9F351502EE090010C39E /* LisztIcon@2x.png in Resources */ = {isa = PBXBuildFile; fileRef = BA1A9F341502EE090010C39E /* LisztIcon@2x.png */; };
		BA1A9F371502EE230010C39E /* LisztIcon.png in Resources */ = {isa = PBXBuildFile; fileRef = BA1A9F361502EE230010C39E /* LisztIcon.png */; };
		BA1E209B14E6E7E400F0D2FC /* AddPopupBackboard.png in Resources */ = {isa = PBXBuildFile; fileRef = BA1E209914E6E7E400F0D2FC /* AddPopupBackboard.png */; };
		BA1E209C14E6E7E400F0D2FC /* AddPopupBackboard@2x.png in Resources */ = {isa = PBXBuildFile; fileRef = BA1E209A14E6E7E400F0D2FC /* AddPopupBackboard@2x.png */; };
		BA1E20A414E6E92200F0D2FC /* ArpsButton.png in Resources */ = {isa = PBXBuildFile; fileRef = BA1E209E14E6E92200F0D2FC /* ArpsButton.png */; };
		BA1E20A514E6E92200F0D2FC /* ArpsButton@2x.png in Resources */ = {isa = PBXBuildFile; fileRef = BA1E209F14E6E92200F0D2FC /* ArpsButton@2x.png */; };
		BA1E20A614E6E92200F0D2FC /* PiecesButton.png in Resources */ = {isa = PBXBuildFile; fileRef = BA1E20A014E6E92200F0D2FC /* PiecesButton.png */; };
		BA1E20A714E6E92200F0D2FC /* PiecesButton@2x.png in Resources */ = {isa = PBXBuildFile; fileRef = BA1E20A114E6E92200F0D2FC /* PiecesButton@2x.png */; };
		BA1E20A814E6E92200F0D2FC /* ScalesButton.png in Resources */ = {isa = PBXBuildFile; fileRef = BA1E20A214E6E92200F0D2FC /* ScalesButton.png */; };
		BA1E20A914E6E92200F0D2FC /* ScalesButton@2x.png in Resources */ = {isa = PBXBuildFile; fileRef = BA1E20A314E6E92200F0D2FC /* ScalesButton@2x.png */; };
		BA25A09614E830AE003A71AE /* backToTodayButton.png in Resources */ = {isa = PBXBuildFile; fileRef = BA25A09414E830AE003A71AE /* backToTodayButton.png */; };
		BA25A09714E830AE003A71AE /* backToTodayButton@2x.png in Resources */ = {isa = PBXBuildFile; fileRef = BA25A09514E830AE003A71AE /* backToTodayButton@2x.png */; };
		BA26622414ABAF4200D9F3F6 /* Metronome.m in Sources */ = {isa = PBXBuildFile; fileRef = BA26622314ABAF4200D9F3F6 /* Metronome.m */; };
		BA30777D141C4713003124E6 /* tick.caf in Resources */ = {isa = PBXBuildFile; fileRef = BA30777C141C4713003124E6 /* tick.caf */; };
		BA3077DC141E4164003124E6 /* CustomStepper.m in Sources */ = {isa = PBXBuildFile; fileRef = BA3077DB141E4164003124E6 /* CustomStepper.m */; };
		BA37B84D1482C9C800C41484 /* SectionHeaderView.m in Sources */ = {isa = PBXBuildFile; fileRef = BA37B84C1482C9C800C41484 /* SectionHeaderView.m */; };
		BA37B8531482D56E00C41484 /* SectionInfo.m in Sources */ = {isa = PBXBuildFile; fileRef = BA37B8521482D56E00C41484 /* SectionInfo.m */; };
		BA37B8551482DB9800C41484 /* QuartzCore.framework in Frameworks */ = {isa = PBXBuildFile; fileRef = BA37B8541482DB9700C41484 /* QuartzCore.framework */; };
		BA44684114F92E0400AE0A0D /* NSMutableOrderedSet+DeepCopy.m in Sources */ = {isa = PBXBuildFile; fileRef = BA44684014F92E0400AE0A0D /* NSMutableOrderedSet+DeepCopy.m */; };
		BA513255145A484600043279 /* ACchooser.m in Sources */ = {isa = PBXBuildFile; fileRef = BA513254145A484600043279 /* ACchooser.m */; };
		BA513258145B5D5C00043279 /* DoubleTap.m in Sources */ = {isa = PBXBuildFile; fileRef = BA513257145B5D5C00043279 /* DoubleTap.m */; };
		BA52EED615156FEB00C2A012 /* StatsView.m in Sources */ = {isa = PBXBuildFile; fileRef = BA52EED515156FEB00C2A012 /* StatsView.m */; };
		BA560572148E7D6F00411BA9 /* CustomPopover.xib in Resources */ = {isa = PBXBuildFile; fileRef = BA560571148E7D6F00411BA9 /* CustomPopover.xib */; };
		BA5605761492D97500411BA9 /* TimerCell.m in Sources */ = {isa = PBXBuildFile; fileRef = BA5605741492D97500411BA9 /* TimerCell.m */; };
		BA5605771492D97500411BA9 /* TimerCell.xib in Resources */ = {isa = PBXBuildFile; fileRef = BA5605751492D97500411BA9 /* TimerCell.xib */; };
		BA64B00F147468C400B71D18 /* NSString+Number.m in Sources */ = {isa = PBXBuildFile; fileRef = BA64B00E147468C400B71D18 /* NSString+Number.m */; };
		BA64B01F1475845700B71D18 /* CustomSectionHeader.xib in Resources */ = {isa = PBXBuildFile; fileRef = BA64B01D1475845700B71D18 /* CustomSectionHeader.xib */; };
		BA73B91414255EFF0087C404 /* tick2.caf in Resources */ = {isa = PBXBuildFile; fileRef = BA73B91314255EFF0087C404 /* tick2.caf */; };
		BA73B917142562960087C404 /* tick5.aif in Resources */ = {isa = PBXBuildFile; fileRef = BA73B916142562960087C404 /* tick5.aif */; };
		BA7AA6611503E0DC00502553 /* LisztHUD.png in Resources */ = {isa = PBXBuildFile; fileRef = BA7AA65F1503E0DC00502553 /* LisztHUD.png */; };
		BA7AA6621503E0DC00502553 /* LisztHUD@2x.png in Resources */ = {isa = PBXBuildFile; fileRef = BA7AA6601503E0DC00502553 /* LisztHUD@2x.png */; };
		BA7AA6651503E36500502553 /* arpsChooserBG.png in Resources */ = {isa = PBXBuildFile; fileRef = BA7AA6631503E36500502553 /* arpsChooserBG.png */; };
		BA7AA6661503E36500502553 /* arpsChooserBG@2x.png in Resources */ = {isa = PBXBuildFile; fileRef = BA7AA6641503E36500502553 /* arpsChooserBG@2x.png */; };
		BA7AA6691503E58D00502553 /* doneButton.png in Resources */ = {isa = PBXBuildFile; fileRef = BA7AA6671503E58D00502553 /* doneButton.png */; };
		BA7AA66A1503E58D00502553 /* doneButton@2x.png in Resources */ = {isa = PBXBuildFile; fileRef = BA7AA6681503E58D00502553 /* doneButton@2x.png */; };
		BA811C70140D38E100A5558A /* PiecesPickerVC.m in Sources */ = {isa = PBXBuildFile; fileRef = BA811C6E140D38E100A5558A /* PiecesPickerVC.m */; };
		BA811C71140D38E100A5558A /* PiecesPickerVC.xib in Resources */ = {isa = PBXBuildFile; fileRef = BA811C6F140D38E100A5558A /* PiecesPickerVC.xib */; };
		BA811C76140D38F000A5558A /* StatsVC.m in Sources */ = {isa = PBXBuildFile; fileRef = BA811C74140D38EF00A5558A /* StatsVC.m */; };
		BA811C77140D38F000A5558A /* StatsVC.xib in Resources */ = {isa = PBXBuildFile; fileRef = BA811C75140D38EF00A5558A /* StatsVC.xib */; };
		BA824AA514E4588E00EAC74F /* Default.png in Resources */ = {isa = PBXBuildFile; fileRef = BA824AA414E4588E00EAC74F /* Default.png */; };
		BA824AA714E4589600EAC74F /* Default@2x.png in Resources */ = {isa = PBXBuildFile; fileRef = BA824AA614E4589600EAC74F /* Default@2x.png */; };
		BA824ABE14E4777900EAC74F /* StartMetronomeButton.png in Resources */ = {isa = PBXBuildFile; fileRef = BA824ABC14E4777900EAC74F /* StartMetronomeButton.png */; };
		BA824ABF14E4777900EAC74F /* StartMetronomeButton@2x.png in Resources */ = {isa = PBXBuildFile; fileRef = BA824ABD14E4777900EAC74F /* StartMetronomeButton@2x.png */; };
		BA824AED14E4C14C00EAC74F /* ACaslonPro-Regular.otf in Resources */ = {isa = PBXBuildFile; fileRef = BA824AEC14E4C14C00EAC74F /* ACaslonPro-Regular.otf */; };
		BA824AF014E4CA4B00EAC74F /* SectionHeader1.png in Resources */ = {isa = PBXBuildFile; fileRef = BA824AEE14E4CA4A00EAC74F /* SectionHeader1.png */; };
		BA824AF114E4CA4B00EAC74F /* SectionHeader1@2x.png in Resources */ = {isa = PBXBuildFile; fileRef = BA824AEF14E4CA4A00EAC74F /* SectionHeader1@2x.png */; };
		BA84EE441411784E00E01BDB /* AVFoundation.framework in Frameworks */ = {isa = PBXBuildFile; fileRef = BA84EE431411784E00E01BDB /* AVFoundation.framework */; };
		BA8CC24C1436088A00ADE21B /* Timer.m in Sources */ = {isa = PBXBuildFile; fileRef = BA8CC24B1436088A00ADE21B /* Timer.m */; };
		BAB01A3A1503F4BE00F8747B /* ScalesBG2.png in Resources */ = {isa = PBXBuildFile; fileRef = BAB01A381503F4BE00F8747B /* ScalesBG2.png */; };
		BAB01A3B1503F4BE00F8747B /* ScalesBG2@2x.png in Resources */ = {isa = PBXBuildFile; fileRef = BAB01A391503F4BE00F8747B /* ScalesBG2@2x.png */; };
		BAB01A3F1503F80E00F8747B /* arpeggiosBG.png in Resources */ = {isa = PBXBuildFile; fileRef = BAB01A3D1503F80E00F8747B /* arpeggiosBG.png */; };
		BAB01A401503F80E00F8747B /* arpeggiosBG@2x.png in Resources */ = {isa = PBXBuildFile; fileRef = BAB01A3E1503F80E00F8747B /* arpeggiosBG@2x.png */; };
		BAB01A4315040FA400F8747B /* piecesBG.png in Resources */ = {isa = PBXBuildFile; fileRef = BAB01A4115040FA400F8747B /* piecesBG.png */; };
		BAB01A4415040FA400F8747B /* piecesBG@2x.png in Resources */ = {isa = PBXBuildFile; fileRef = BAB01A4215040FA400F8747B /* piecesBG@2x.png */; };
		BAB01A47150411AE00F8747B /* UITextField+Placeholder.m in Sources */ = {isa = PBXBuildFile; fileRef = BAB01A46150411AE00F8747B /* UITextField+Placeholder.m */; };
		BAB8C0E11447368F00887CDA /* CoreGraphics.framework in Frameworks */ = {isa = PBXBuildFile; fileRef = BAB8C0E01447368F00887CDA /* CoreGraphics.framework */; };
		BABD7C7815102955006C81BE /* NotesVC.m in Sources */ = {isa = PBXBuildFile; fileRef = BABD7C7715102955006C81BE /* NotesVC.m */; };
		BABD7C7F151413C3006C81BE /* CustomSectionMove.m in Sources */ = {isa = PBXBuildFile; fileRef = BABD7C7E151413C3006C81BE /* CustomSectionMove.m */; };
		BABEA1FC146368F00052D29D /* Piece.m in Sources */ = {isa = PBXBuildFile; fileRef = BABEA1FB146368F00052D29D /* Piece.m */; };
		BAC1B72714E5E8CF00649748 /* ACChooserUnderlay.png in Resources */ = {isa = PBXBuildFile; fileRef = BAC1B72514E5E8CF00649748 /* ACChooserUnderlay.png */; };
		BAC1B72814E5E8CF00649748 /* ACChooserUnderlay@2x.png in Resources */ = {isa = PBXBuildFile; fileRef = BAC1B72614E5E8CF00649748 /* ACChooserUnderlay@2x.png */; };
		BAC1B72B14E5ED3A00649748 /* ACChooserOveraly.png in Resources */ = {isa = PBXBuildFile; fileRef = BAC1B72914E5ED3A00649748 /* ACChooserOveraly.png */; };
		BAC1B72C14E5ED3A00649748 /* ACChooserOveraly@2x.png in Resources */ = {isa = PBXBuildFile; fileRef = BAC1B72A14E5ED3A00649748 /* ACChooserOveraly@2x.png */; };
		BAC1B72F14E6088200649748 /* EnterPieceName.png in Resources */ = {isa = PBXBuildFile; fileRef = BAC1B72D14E6088200649748 /* EnterPieceName.png */; };
		BAC1B73014E6088200649748 /* EnterPieceName@2x.png in Resources */ = {isa = PBXBuildFile; fileRef = BAC1B72E14E6088200649748 /* EnterPieceName@2x.png */; };
		BAC1B73314E60C4300649748 /* EnterComposer.png in Resources */ = {isa = PBXBuildFile; fileRef = BAC1B73114E60C4300649748 /* EnterComposer.png */; };
		BAC1B73414E60C4300649748 /* EnterComposer@2x.png in Resources */ = {isa = PBXBuildFile; fileRef = BAC1B73214E60C4300649748 /* EnterComposer@2x.png */; };
		BAC1B73714E6BF2300649748 /* libTestFlight.a in Frameworks */ = {isa = PBXBuildFile; fileRef = BAC1B73514E6BF2300649748 /* libTestFlight.a */; };
		BAC1B74414E6CBCB00649748 /* ScalesCellBG.png in Resources */ = {isa = PBXBuildFile; fileRef = BAC1B74214E6CBCB00649748 /* ScalesCellBG.png */; };
		BAC1B74514E6CBCB00649748 /* ScalesCellBG@2x.png in Resources */ = {isa = PBXBuildFile; fileRef = BAC1B74314E6CBCB00649748 /* ScalesCellBG@2x.png */; };
		BAC1B74A14E6D1B100649748 /* StepperMinusDown.png in Resources */ = {isa = PBXBuildFile; fileRef = BAC1B74614E6D1B000649748 /* StepperMinusDown.png */; };
		BAC1B74B14E6D1B100649748 /* StepperMinusDown@2x.png in Resources */ = {isa = PBXBuildFile; fileRef = BAC1B74714E6D1B000649748 /* StepperMinusDown@2x.png */; };
		BAC1B74C14E6D1B100649748 /* StepperPlusDown.png in Resources */ = {isa = PBXBuildFile; fileRef = BAC1B74814E6D1B000649748 /* StepperPlusDown.png */; };
		BAC1B74D14E6D1B100649748 /* StepperPlusDown@2x.png in Resources */ = {isa = PBXBuildFile; fileRef = BAC1B74914E6D1B000649748 /* StepperPlusDown@2x.png */; };
		BAC1B75014E6D3BF00649748 /* StepperRolls.png in Resources */ = {isa = PBXBuildFile; fileRef = BAC1B74E14E6D3BE00649748 /* StepperRolls.png */; };
		BAC1B75114E6D3BF00649748 /* StepperRolls@2x.png in Resources */ = {isa = PBXBuildFile; fileRef = BAC1B74F14E6D3BF00649748 /* StepperRolls@2x.png */; };
		BAC1B75414E6D4E300649748 /* SectionHeader3.png in Resources */ = {isa = PBXBuildFile; fileRef = BAC1B75214E6D4E300649748 /* SectionHeader3.png */; };
		BAC1B75514E6D4E300649748 /* SectionHeader3@2x.png in Resources */ = {isa = PBXBuildFile; fileRef = BAC1B75314E6D4E300649748 /* SectionHeader3@2x.png */; };
		BACA58D014E866200054A634 /* BlockBackground.m in Sources */ = {isa = PBXBuildFile; fileRef = BACA58CB14E866200054A634 /* BlockBackground.m */; settings = {COMPILER_FLAGS = "-fno-objc-arc"; }; };
		BACA58D114E866200054A634 /* BlockActionSheet.m in Sources */ = {isa = PBXBuildFile; fileRef = BACA58CD14E866200054A634 /* BlockActionSheet.m */; settings = {COMPILER_FLAGS = "-fno-objc-arc"; }; };
		BACA58D214E866200054A634 /* BlockAlertView.m in Sources */ = {isa = PBXBuildFile; fileRef = BACA58CF14E866200054A634 /* BlockAlertView.m */; settings = {COMPILER_FLAGS = "-fno-objc-arc"; }; };
		BACA58DC14E8678A0054A634 /* alert-black-button.png in Resources */ = {isa = PBXBuildFile; fileRef = BACA58D414E8678A0054A634 /* alert-black-button.png */; };
		BACA58DD14E8678A0054A634 /* alert-black-button@2x.png in Resources */ = {isa = PBXBuildFile; fileRef = BACA58D514E8678A0054A634 /* alert-black-button@2x.png */; };
		BACA58DE14E8678A0054A634 /* alert-gray-button.png in Resources */ = {isa = PBXBuildFile; fileRef = BACA58D614E8678A0054A634 /* alert-gray-button.png */; };
		BACA58DF14E8678A0054A634 /* alert-gray-button@2x.png in Resources */ = {isa = PBXBuildFile; fileRef = BACA58D714E8678A0054A634 /* alert-gray-button@2x.png */; };
		BACA58E014E8678A0054A634 /* alert-red-button.png in Resources */ = {isa = PBXBuildFile; fileRef = BACA58D814E8678A0054A634 /* alert-red-button.png */; };
		BACA58E114E8678A0054A634 /* alert-red-button@2x.png in Resources */ = {isa = PBXBuildFile; fileRef = BACA58D914E8678A0054A634 /* alert-red-button@2x.png */; };
		BACA58E214E8678A0054A634 /* alert-window.png in Resources */ = {isa = PBXBuildFile; fileRef = BACA58DA14E8678A0054A634 /* alert-window.png */; };
		BACA58E314E8678A0054A634 /* alert-window@2x.png in Resources */ = {isa = PBXBuildFile; fileRef = BACA58DB14E8678A0054A634 /* alert-window@2x.png */; };
		BADA3F81140BD8DF00B57C49 /* UIKit.framework in Frameworks */ = {isa = PBXBuildFile; fileRef = BADA3F80140BD8DF00B57C49 /* UIKit.framework */; };
		BADA3F83140BD8DF00B57C49 /* Foundation.framework in Frameworks */ = {isa = PBXBuildFile; fileRef = BADA3F82140BD8DF00B57C49 /* Foundation.framework */; };
		BADA3F89140BD8DF00B57C49 /* InfoPlist.strings in Resources */ = {isa = PBXBuildFile; fileRef = BADA3F87140BD8DF00B57C49 /* InfoPlist.strings */; };
		BADA3F8B140BD8DF00B57C49 /* main.m in Sources */ = {isa = PBXBuildFile; fileRef = BADA3F8A140BD8DF00B57C49 /* main.m */; };
		BADA3F8F140BD8DF00B57C49 /* AppDelegate.m in Sources */ = {isa = PBXBuildFile; fileRef = BADA3F8E140BD8DF00B57C49 /* AppDelegate.m */; };
		BADA3F9C140BD98200B57C49 /* Scale.m in Sources */ = {isa = PBXBuildFile; fileRef = BADA3F97140BD98200B57C49 /* Scale.m */; };
		BADA3F9E140BD98200B57C49 /* FileHelpers.m in Sources */ = {isa = PBXBuildFile; fileRef = BADA3F9B140BD98200B57C49 /* FileHelpers.m */; };
		BADA3FA2140BD9B700B57C49 /* ScalesPracticedCell.m in Sources */ = {isa = PBXBuildFile; fileRef = BADA3FA0140BD9B700B57C49 /* ScalesPracticedCell.m */; };
		BADA3FA3140BD9B700B57C49 /* ScalesPracticedCell.xib in Resources */ = {isa = PBXBuildFile; fileRef = BADA3FA1140BD9B700B57C49 /* ScalesPracticedCell.xib */; };
		BADA3FB3140BDA5D00B57C49 /* ScalePickerVC.m in Sources */ = {isa = PBXBuildFile; fileRef = BADA3FAA140BDA5D00B57C49 /* ScalePickerVC.m */; };
		BADA3FB4140BDA5D00B57C49 /* ScalePickerVC.xib in Resources */ = {isa = PBXBuildFile; fileRef = BADA3FAB140BDA5D00B57C49 /* ScalePickerVC.xib */; };
		BAE1FFD815063910004D63E0 /* LisztTopText.png in Resources */ = {isa = PBXBuildFile; fileRef = BAE1FFD615063910004D63E0 /* LisztTopText.png */; };
		BAE1FFD915063910004D63E0 /* LisztTopText@2x.png in Resources */ = {isa = PBXBuildFile; fileRef = BAE1FFD715063910004D63E0 /* LisztTopText@2x.png */; };
		BAE1FFDC1506F546004D63E0 /* StatsBGR.png in Resources */ = {isa = PBXBuildFile; fileRef = BAE1FFDA1506F546004D63E0 /* StatsBGR.png */; };
		BAE1FFDD1506F546004D63E0 /* StatsBGR@2x.png in Resources */ = {isa = PBXBuildFile; fileRef = BAE1FFDB1506F546004D63E0 /* StatsBGR@2x.png */; };
		BAE1FFE21506F60B004D63E0 /* AddButtonR.png in Resources */ = {isa = PBXBuildFile; fileRef = BAE1FFDE1506F60B004D63E0 /* AddButtonR.png */; };
		BAE1FFE31506F60B004D63E0 /* AddButtonR@2x.png in Resources */ = {isa = PBXBuildFile; fileRef = BAE1FFDF1506F60B004D63E0 /* AddButtonR@2x.png */; };
		BAE1FFE41506F60B004D63E0 /* DateButtonR.png in Resources */ = {isa = PBXBuildFile; fileRef = BAE1FFE01506F60B004D63E0 /* DateButtonR.png */; };
		BAE1FFE51506F60B004D63E0 /* DateButtonR@2x.png in Resources */ = {isa = PBXBuildFile; fileRef = BAE1FFE11506F60B004D63E0 /* DateButtonR@2x.png */; };
		BAE6998414E5555700D3ADF8 /* UIColor+YellowTextColor.m in Sources */ = {isa = PBXBuildFile; fileRef = BAE6998314E5555700D3ADF8 /* UIColor+YellowTextColor.m */; };
		BAE6998814E5679B00D3ADF8 /* SectionHeader2.png in Resources */ = {isa = PBXBuildFile; fileRef = BAE6998614E5679B00D3ADF8 /* SectionHeader2.png */; };
		BAE6998914E5679B00D3ADF8 /* SectionHeader2@2x.png in Resources */ = {isa = PBXBuildFile; fileRef = BAE6998714E5679B00D3ADF8 /* SectionHeader2@2x.png */; };
		BAE6998C14E57AF100D3ADF8 /* DisclosureArrow.png in Resources */ = {isa = PBXBuildFile; fileRef = BAE6998A14E57AF100D3ADF8 /* DisclosureArrow.png */; };
		BAE6998D14E57AF100D3ADF8 /* DisclosureArrow@2x.png in Resources */ = {isa = PBXBuildFile; fileRef = BAE6998B14E57AF100D3ADF8 /* DisclosureArrow@2x.png */; };
		BAE6999314E5B65100D3ADF8 /* DisclosureArrowDown.png in Resources */ = {isa = PBXBuildFile; fileRef = BAE6999114E5B65100D3ADF8 /* DisclosureArrowDown.png */; };
		BAE6999414E5B65100D3ADF8 /* DisclosureArrowDown@2x.png in Resources */ = {isa = PBXBuildFile; fileRef = BAE6999214E5B65100D3ADF8 /* DisclosureArrowDown@2x.png */; };
		BAE6999C14E5D6FB00D3ADF8 /* AddItemButton.png in Resources */ = {isa = PBXBuildFile; fileRef = BAE6999A14E5D6FB00D3ADF8 /* AddItemButton.png */; };
		BAE6999D14E5D6FB00D3ADF8 /* AddItemButton@2x.png in Resources */ = {isa = PBXBuildFile; fileRef = BAE6999B14E5D6FB00D3ADF8 /* AddItemButton@2x.png */; };
		BAF21D4814D4EC2000CA7060 /* StatsVC+TableViewDelegate.m in Sources */ = {isa = PBXBuildFile; fileRef = BAF21D4714D4EC2000CA7060 /* StatsVC+TableViewDelegate.m */; };
		BAF21D4C14D5953000CA7060 /* StatsVC+Header.m in Sources */ = {isa = PBXBuildFile; fileRef = BAF21D4B14D5953000CA7060 /* StatsVC+Header.m */; };
		CE48BEC314F31D27002535E5 /* DynamicLabel.m in Sources */ = {isa = PBXBuildFile; fileRef = CE48BEC014F31D27002535E5 /* DynamicLabel.m */; };
		CE48BEC414F31D27002535E5 /* StopWatch.m in Sources */ = {isa = PBXBuildFile; fileRef = CE48BEC214F31D27002535E5 /* StopWatch.m */; };
		CE510092150BE50B00B56D91 /* Rhyth.otf in Resources */ = {isa = PBXBuildFile; fileRef = CE510090150BE05B00B56D91 /* Rhyth.otf */; };
		CE598BD61518FFAD00B3BDB7 /* HistoryViewController.m in Sources */ = {isa = PBXBuildFile; fileRef = CE598BD51518FFAD00B3BDB7 /* HistoryViewController.m */; };
		CE598BD91519012600B3BDB7 /* HistoryViewController.xib in Resources */ = {isa = PBXBuildFile; fileRef = CE598BD81519012600B3BDB7 /* HistoryViewController.xib */; };
		CE598BDC1519033200B3BDB7 /* ContainerViewController.m in Sources */ = {isa = PBXBuildFile; fileRef = CE598BDB1519033200B3BDB7 /* ContainerViewController.m */; };
		CE598BDF15191B6F00B3BDB7 /* HistoryCell.m in Sources */ = {isa = PBXBuildFile; fileRef = CE598BDE15191B6F00B3BDB7 /* HistoryCell.m */; };
		CE83174D150E7EEA00611DB5 /* CompoundString.m in Sources */ = {isa = PBXBuildFile; fileRef = CE83174C150E7EEA00611DB5 /* CompoundString.m */; };
		CE831751150E9F1E00611DB5 /* PieceCell.m in Sources */ = {isa = PBXBuildFile; fileRef = CE831750150E9F1E00611DB5 /* PieceCell.m */; };
		CE98858F14EC8B5000E8FA90 /* SessionStore.m in Sources */ = {isa = PBXBuildFile; fileRef = CE98858E14EC8B5000E8FA90 /* SessionStore.m */; };
		CECCE171150CF1650084B147 /* LisztCell.m in Sources */ = {isa = PBXBuildFile; fileRef = CECCE170150CF1650084B147 /* LisztCell.m */; };
		CECCE175150D42060084B147 /* ScaleCell.m in Sources */ = {isa = PBXBuildFile; fileRef = CECCE174150D42060084B147 /* ScaleCell.m */; };
/* End PBXBuildFile section */

/* Begin PBXFileReference section */
		BA0062A114FC317E00A89995 /* StopButton.png */ = {isa = PBXFileReference; lastKnownFileType = image.png; path = StopButton.png; sourceTree = "<group>"; };
		BA0062A214FC317F00A89995 /* StopButton@2x.png */ = {isa = PBXFileReference; lastKnownFileType = image.png; path = "StopButton@2x.png"; sourceTree = "<group>"; };
		BA01203D14FC34A600E1956E /* StartTimer.png */ = {isa = PBXFileReference; lastKnownFileType = image.png; path = StartTimer.png; sourceTree = "<group>"; };
		BA01203E14FC34A600E1956E /* StartTimer@2x.png */ = {isa = PBXFileReference; lastKnownFileType = image.png; path = "StartTimer@2x.png"; sourceTree = "<group>"; };
		BA01203F14FC34A600E1956E /* StopTimer.png */ = {isa = PBXFileReference; lastKnownFileType = image.png; path = StopTimer.png; sourceTree = "<group>"; };
		BA01204014FC34A600E1956E /* StopTimer@2x.png */ = {isa = PBXFileReference; lastKnownFileType = image.png; path = "StopTimer@2x.png"; sourceTree = "<group>"; };
		BA019391142C146F004DCE8D /* Session.h */ = {isa = PBXFileReference; fileEncoding = 4; lastKnownFileType = sourcecode.c.h; path = Session.h; sourceTree = "<group>"; };
		BA019392142C146F004DCE8D /* Session.m */ = {isa = PBXFileReference; fileEncoding = 4; lastKnownFileType = sourcecode.c.objc; path = Session.m; sourceTree = "<group>"; };
		BA19768014F95AC000085FAD /* CustomSegment.h */ = {isa = PBXFileReference; fileEncoding = 4; lastKnownFileType = sourcecode.c.h; path = CustomSegment.h; sourceTree = "<group>"; };
		BA19768114F95AC000085FAD /* CustomSegment.m */ = {isa = PBXFileReference; fileEncoding = 4; lastKnownFileType = sourcecode.c.objc; path = CustomSegment.m; sourceTree = "<group>"; };
		BA19768414F9644B00085FAD /* MajOrMin0.png */ = {isa = PBXFileReference; lastKnownFileType = image.png; path = MajOrMin0.png; sourceTree = "<group>"; };
		BA19768514F9644B00085FAD /* MajOrMin0@2x.png */ = {isa = PBXFileReference; lastKnownFileType = image.png; path = "MajOrMin0@2x.png"; sourceTree = "<group>"; };
		BA19768614F9644B00085FAD /* MajOrMin1.png */ = {isa = PBXFileReference; lastKnownFileType = image.png; path = MajOrMin1.png; sourceTree = "<group>"; };
		BA19768714F9644B00085FAD /* MajOrMin1@2x.png */ = {isa = PBXFileReference; lastKnownFileType = image.png; path = "MajOrMin1@2x.png"; sourceTree = "<group>"; };
		BA19768C14F97A2000085FAD /* SegmentArrow.png */ = {isa = PBXFileReference; lastKnownFileType = image.png; path = SegmentArrow.png; sourceTree = "<group>"; };
		BA19768D14F97A2000085FAD /* SegmentArrow@2x.png */ = {isa = PBXFileReference; lastKnownFileType = image.png; path = "SegmentArrow@2x.png"; sourceTree = "<group>"; };
		BA19769014F9802200085FAD /* OctavesSegment0.png */ = {isa = PBXFileReference; lastKnownFileType = image.png; path = OctavesSegment0.png; sourceTree = "<group>"; };
		BA19769114F9802200085FAD /* OctavesSegment0@2x.png */ = {isa = PBXFileReference; lastKnownFileType = image.png; path = "OctavesSegment0@2x.png"; sourceTree = "<group>"; };
		BA19769214F9802200085FAD /* OctavesSegment1.png */ = {isa = PBXFileReference; lastKnownFileType = image.png; path = OctavesSegment1.png; sourceTree = "<group>"; };
		BA19769314F9802200085FAD /* OctavesSegment1@2x.png */ = {isa = PBXFileReference; lastKnownFileType = image.png; path = "OctavesSegment1@2x.png"; sourceTree = "<group>"; };
		BA19769414F9802200085FAD /* OctavesSegment2.png */ = {isa = PBXFileReference; lastKnownFileType = image.png; path = OctavesSegment2.png; sourceTree = "<group>"; };
		BA19769514F9802200085FAD /* OctavesSegment2@2x.png */ = {isa = PBXFileReference; lastKnownFileType = image.png; path = "OctavesSegment2@2x.png"; sourceTree = "<group>"; };
		BA19769614F9802200085FAD /* OctavesSegment3.png */ = {isa = PBXFileReference; lastKnownFileType = image.png; path = OctavesSegment3.png; sourceTree = "<group>"; };
		BA19769714F9802200085FAD /* OctavesSegment3@2x.png */ = {isa = PBXFileReference; lastKnownFileType = image.png; path = "OctavesSegment3@2x.png"; sourceTree = "<group>"; };
		BA1A9F341502EE090010C39E /* LisztIcon@2x.png */ = {isa = PBXFileReference; lastKnownFileType = image.png; path = "LisztIcon@2x.png"; sourceTree = "<group>"; };
		BA1A9F361502EE230010C39E /* LisztIcon.png */ = {isa = PBXFileReference; lastKnownFileType = image.png; path = LisztIcon.png; sourceTree = "<group>"; };
		BA1E209914E6E7E400F0D2FC /* AddPopupBackboard.png */ = {isa = PBXFileReference; lastKnownFileType = image.png; path = AddPopupBackboard.png; sourceTree = "<group>"; };
		BA1E209A14E6E7E400F0D2FC /* AddPopupBackboard@2x.png */ = {isa = PBXFileReference; lastKnownFileType = image.png; path = "AddPopupBackboard@2x.png"; sourceTree = "<group>"; };
		BA1E209E14E6E92200F0D2FC /* ArpsButton.png */ = {isa = PBXFileReference; lastKnownFileType = image.png; path = ArpsButton.png; sourceTree = "<group>"; };
		BA1E209F14E6E92200F0D2FC /* ArpsButton@2x.png */ = {isa = PBXFileReference; lastKnownFileType = image.png; path = "ArpsButton@2x.png"; sourceTree = "<group>"; };
		BA1E20A014E6E92200F0D2FC /* PiecesButton.png */ = {isa = PBXFileReference; lastKnownFileType = image.png; path = PiecesButton.png; sourceTree = "<group>"; };
		BA1E20A114E6E92200F0D2FC /* PiecesButton@2x.png */ = {isa = PBXFileReference; lastKnownFileType = image.png; path = "PiecesButton@2x.png"; sourceTree = "<group>"; };
		BA1E20A214E6E92200F0D2FC /* ScalesButton.png */ = {isa = PBXFileReference; lastKnownFileType = image.png; path = ScalesButton.png; sourceTree = "<group>"; };
		BA1E20A314E6E92200F0D2FC /* ScalesButton@2x.png */ = {isa = PBXFileReference; lastKnownFileType = image.png; path = "ScalesButton@2x.png"; sourceTree = "<group>"; };
		BA25A09414E830AE003A71AE /* backToTodayButton.png */ = {isa = PBXFileReference; lastKnownFileType = image.png; path = backToTodayButton.png; sourceTree = "<group>"; };
		BA25A09514E830AE003A71AE /* backToTodayButton@2x.png */ = {isa = PBXFileReference; lastKnownFileType = image.png; path = "backToTodayButton@2x.png"; sourceTree = "<group>"; };
		BA26622214ABAF4200D9F3F6 /* Metronome.h */ = {isa = PBXFileReference; fileEncoding = 4; lastKnownFileType = sourcecode.c.h; path = Metronome.h; sourceTree = "<group>"; };
		BA26622314ABAF4200D9F3F6 /* Metronome.m */ = {isa = PBXFileReference; fileEncoding = 4; lastKnownFileType = sourcecode.c.objc; path = Metronome.m; sourceTree = "<group>"; };
		BA30777C141C4713003124E6 /* tick.caf */ = {isa = PBXFileReference; lastKnownFileType = file; path = tick.caf; sourceTree = "<group>"; };
		BA3077DA141E4164003124E6 /* CustomStepper.h */ = {isa = PBXFileReference; fileEncoding = 4; lastKnownFileType = sourcecode.c.h; path = CustomStepper.h; sourceTree = "<group>"; };
		BA3077DB141E4164003124E6 /* CustomStepper.m */ = {isa = PBXFileReference; fileEncoding = 4; lastKnownFileType = sourcecode.c.objc; path = CustomStepper.m; sourceTree = "<group>"; };
		BA37B84B1482C9C800C41484 /* SectionHeaderView.h */ = {isa = PBXFileReference; fileEncoding = 4; lastKnownFileType = sourcecode.c.h; path = SectionHeaderView.h; sourceTree = "<group>"; };
		BA37B84C1482C9C800C41484 /* SectionHeaderView.m */ = {isa = PBXFileReference; fileEncoding = 4; lastKnownFileType = sourcecode.c.objc; path = SectionHeaderView.m; sourceTree = "<group>"; };
		BA37B8511482D56E00C41484 /* SectionInfo.h */ = {isa = PBXFileReference; fileEncoding = 4; lastKnownFileType = sourcecode.c.h; path = SectionInfo.h; sourceTree = "<group>"; };
		BA37B8521482D56E00C41484 /* SectionInfo.m */ = {isa = PBXFileReference; fileEncoding = 4; lastKnownFileType = sourcecode.c.objc; path = SectionInfo.m; sourceTree = "<group>"; };
		BA37B8541482DB9700C41484 /* QuartzCore.framework */ = {isa = PBXFileReference; lastKnownFileType = wrapper.framework; name = QuartzCore.framework; path = System/Library/Frameworks/QuartzCore.framework; sourceTree = SDKROOT; };
		BA44683F14F92E0400AE0A0D /* NSMutableOrderedSet+DeepCopy.h */ = {isa = PBXFileReference; fileEncoding = 4; lastKnownFileType = sourcecode.c.h; path = "NSMutableOrderedSet+DeepCopy.h"; sourceTree = "<group>"; };
		BA44684014F92E0400AE0A0D /* NSMutableOrderedSet+DeepCopy.m */ = {isa = PBXFileReference; fileEncoding = 4; lastKnownFileType = sourcecode.c.objc; path = "NSMutableOrderedSet+DeepCopy.m"; sourceTree = "<group>"; };
		BA513253145A484600043279 /* ACchooser.h */ = {isa = PBXFileReference; fileEncoding = 4; lastKnownFileType = sourcecode.c.h; path = ACchooser.h; sourceTree = "<group>"; };
		BA513254145A484600043279 /* ACchooser.m */ = {isa = PBXFileReference; fileEncoding = 4; lastKnownFileType = sourcecode.c.objc; path = ACchooser.m; sourceTree = "<group>"; };
		BA513256145B5D5C00043279 /* DoubleTap.h */ = {isa = PBXFileReference; fileEncoding = 4; lastKnownFileType = sourcecode.c.h; path = DoubleTap.h; sourceTree = "<group>"; };
		BA513257145B5D5C00043279 /* DoubleTap.m */ = {isa = PBXFileReference; fileEncoding = 4; lastKnownFileType = sourcecode.c.objc; path = DoubleTap.m; sourceTree = "<group>"; };
		BA52EED415156FEB00C2A012 /* StatsView.h */ = {isa = PBXFileReference; fileEncoding = 4; lastKnownFileType = sourcecode.c.h; path = StatsView.h; sourceTree = "<group>"; };
		BA52EED515156FEB00C2A012 /* StatsView.m */ = {isa = PBXFileReference; fileEncoding = 4; lastKnownFileType = sourcecode.c.objc; path = StatsView.m; sourceTree = "<group>"; };
		BA560571148E7D6F00411BA9 /* CustomPopover.xib */ = {isa = PBXFileReference; fileEncoding = 4; lastKnownFileType = file.xib; path = CustomPopover.xib; sourceTree = "<group>"; };
		BA5605731492D97500411BA9 /* TimerCell.h */ = {isa = PBXFileReference; fileEncoding = 4; lastKnownFileType = sourcecode.c.h; path = TimerCell.h; sourceTree = "<group>"; };
		BA5605741492D97500411BA9 /* TimerCell.m */ = {isa = PBXFileReference; fileEncoding = 4; lastKnownFileType = sourcecode.c.objc; path = TimerCell.m; sourceTree = "<group>"; };
		BA5605751492D97500411BA9 /* TimerCell.xib */ = {isa = PBXFileReference; fileEncoding = 4; lastKnownFileType = file.xib; path = TimerCell.xib; sourceTree = "<group>"; };
		BA64B00D147468C400B71D18 /* NSString+Number.h */ = {isa = PBXFileReference; fileEncoding = 4; lastKnownFileType = sourcecode.c.h; path = "NSString+Number.h"; sourceTree = "<group>"; };
		BA64B00E147468C400B71D18 /* NSString+Number.m */ = {isa = PBXFileReference; fileEncoding = 4; lastKnownFileType = sourcecode.c.objc; path = "NSString+Number.m"; sourceTree = "<group>"; };
		BA64B01D1475845700B71D18 /* CustomSectionHeader.xib */ = {isa = PBXFileReference; fileEncoding = 4; lastKnownFileType = file.xib; path = CustomSectionHeader.xib; sourceTree = "<group>"; };
		BA73B91314255EFF0087C404 /* tick2.caf */ = {isa = PBXFileReference; lastKnownFileType = file; path = tick2.caf; sourceTree = "<group>"; };
		BA73B916142562960087C404 /* tick5.aif */ = {isa = PBXFileReference; lastKnownFileType = file; path = tick5.aif; sourceTree = "<group>"; };
		BA7AA65F1503E0DC00502553 /* LisztHUD.png */ = {isa = PBXFileReference; lastKnownFileType = image.png; path = LisztHUD.png; sourceTree = "<group>"; };
		BA7AA6601503E0DC00502553 /* LisztHUD@2x.png */ = {isa = PBXFileReference; lastKnownFileType = image.png; path = "LisztHUD@2x.png"; sourceTree = "<group>"; };
		BA7AA6631503E36500502553 /* arpsChooserBG.png */ = {isa = PBXFileReference; lastKnownFileType = image.png; path = arpsChooserBG.png; sourceTree = "<group>"; };
		BA7AA6641503E36500502553 /* arpsChooserBG@2x.png */ = {isa = PBXFileReference; lastKnownFileType = image.png; path = "arpsChooserBG@2x.png"; sourceTree = "<group>"; };
		BA7AA6671503E58D00502553 /* doneButton.png */ = {isa = PBXFileReference; lastKnownFileType = image.png; path = doneButton.png; sourceTree = "<group>"; };
		BA7AA6681503E58D00502553 /* doneButton@2x.png */ = {isa = PBXFileReference; lastKnownFileType = image.png; path = "doneButton@2x.png"; sourceTree = "<group>"; };
		BA811C6D140D38E100A5558A /* PiecesPickerVC.h */ = {isa = PBXFileReference; fileEncoding = 4; lastKnownFileType = sourcecode.c.h; path = PiecesPickerVC.h; sourceTree = "<group>"; };
		BA811C6E140D38E100A5558A /* PiecesPickerVC.m */ = {isa = PBXFileReference; fileEncoding = 4; lastKnownFileType = sourcecode.c.objc; path = PiecesPickerVC.m; sourceTree = "<group>"; };
		BA811C6F140D38E100A5558A /* PiecesPickerVC.xib */ = {isa = PBXFileReference; fileEncoding = 4; lastKnownFileType = file.xib; path = PiecesPickerVC.xib; sourceTree = "<group>"; };
		BA811C73140D38EF00A5558A /* StatsVC.h */ = {isa = PBXFileReference; fileEncoding = 4; lastKnownFileType = sourcecode.c.h; path = StatsVC.h; sourceTree = "<group>"; };
		BA811C74140D38EF00A5558A /* StatsVC.m */ = {isa = PBXFileReference; fileEncoding = 4; lastKnownFileType = sourcecode.c.objc; lineEnding = 0; path = StatsVC.m; sourceTree = "<group>"; xcLanguageSpecificationIdentifier = xcode.lang.objc; };
		BA811C75140D38EF00A5558A /* StatsVC.xib */ = {isa = PBXFileReference; fileEncoding = 4; lastKnownFileType = file.xib; path = StatsVC.xib; sourceTree = "<group>"; };
		BA824AA414E4588E00EAC74F /* Default.png */ = {isa = PBXFileReference; lastKnownFileType = image.png; path = Default.png; sourceTree = "<group>"; };
		BA824AA614E4589600EAC74F /* Default@2x.png */ = {isa = PBXFileReference; lastKnownFileType = image.png; path = "Default@2x.png"; sourceTree = "<group>"; };
		BA824ABC14E4777900EAC74F /* StartMetronomeButton.png */ = {isa = PBXFileReference; lastKnownFileType = image.png; path = StartMetronomeButton.png; sourceTree = "<group>"; };
		BA824ABD14E4777900EAC74F /* StartMetronomeButton@2x.png */ = {isa = PBXFileReference; lastKnownFileType = image.png; path = "StartMetronomeButton@2x.png"; sourceTree = "<group>"; };
		BA824AEC14E4C14C00EAC74F /* ACaslonPro-Regular.otf */ = {isa = PBXFileReference; lastKnownFileType = file; path = "ACaslonPro-Regular.otf"; sourceTree = "<group>"; };
		BA824AEE14E4CA4A00EAC74F /* SectionHeader1.png */ = {isa = PBXFileReference; lastKnownFileType = image.png; path = SectionHeader1.png; sourceTree = "<group>"; };
		BA824AEF14E4CA4A00EAC74F /* SectionHeader1@2x.png */ = {isa = PBXFileReference; lastKnownFileType = image.png; path = "SectionHeader1@2x.png"; sourceTree = "<group>"; };
		BA84EE431411784E00E01BDB /* AVFoundation.framework */ = {isa = PBXFileReference; lastKnownFileType = wrapper.framework; name = AVFoundation.framework; path = System/Library/Frameworks/AVFoundation.framework; sourceTree = SDKROOT; };
		BA8CC24A1436088A00ADE21B /* Timer.h */ = {isa = PBXFileReference; fileEncoding = 4; lastKnownFileType = sourcecode.c.h; path = Timer.h; sourceTree = "<group>"; };
		BA8CC24B1436088A00ADE21B /* Timer.m */ = {isa = PBXFileReference; fileEncoding = 4; lastKnownFileType = sourcecode.c.objc; path = Timer.m; sourceTree = "<group>"; };
		BAB01A381503F4BE00F8747B /* ScalesBG2.png */ = {isa = PBXFileReference; lastKnownFileType = image.png; path = ScalesBG2.png; sourceTree = "<group>"; };
		BAB01A391503F4BE00F8747B /* ScalesBG2@2x.png */ = {isa = PBXFileReference; lastKnownFileType = image.png; path = "ScalesBG2@2x.png"; sourceTree = "<group>"; };
		BAB01A3D1503F80E00F8747B /* arpeggiosBG.png */ = {isa = PBXFileReference; lastKnownFileType = image.png; path = arpeggiosBG.png; sourceTree = "<group>"; };
		BAB01A3E1503F80E00F8747B /* arpeggiosBG@2x.png */ = {isa = PBXFileReference; lastKnownFileType = image.png; path = "arpeggiosBG@2x.png"; sourceTree = "<group>"; };
		BAB01A4115040FA400F8747B /* piecesBG.png */ = {isa = PBXFileReference; lastKnownFileType = image.png; path = piecesBG.png; sourceTree = "<group>"; };
		BAB01A4215040FA400F8747B /* piecesBG@2x.png */ = {isa = PBXFileReference; lastKnownFileType = image.png; path = "piecesBG@2x.png"; sourceTree = "<group>"; };
		BAB01A45150411AE00F8747B /* UITextField+Placeholder.h */ = {isa = PBXFileReference; fileEncoding = 4; lastKnownFileType = sourcecode.c.h; path = "UITextField+Placeholder.h"; sourceTree = "<group>"; };
		BAB01A46150411AE00F8747B /* UITextField+Placeholder.m */ = {isa = PBXFileReference; fileEncoding = 4; lastKnownFileType = sourcecode.c.objc; path = "UITextField+Placeholder.m"; sourceTree = "<group>"; };
		BAB8C0E01447368F00887CDA /* CoreGraphics.framework */ = {isa = PBXFileReference; lastKnownFileType = wrapper.framework; name = CoreGraphics.framework; path = System/Library/Frameworks/CoreGraphics.framework; sourceTree = SDKROOT; };
		BABD7C7615102955006C81BE /* NotesVC.h */ = {isa = PBXFileReference; fileEncoding = 4; lastKnownFileType = sourcecode.c.h; path = NotesVC.h; sourceTree = "<group>"; };
		BABD7C7715102955006C81BE /* NotesVC.m */ = {isa = PBXFileReference; fileEncoding = 4; lastKnownFileType = sourcecode.c.objc; path = NotesVC.m; sourceTree = "<group>"; };
		BABD7C7D151413C3006C81BE /* CustomSectionMove.h */ = {isa = PBXFileReference; fileEncoding = 4; lastKnownFileType = sourcecode.c.h; path = CustomSectionMove.h; sourceTree = "<group>"; };
		BABD7C7E151413C3006C81BE /* CustomSectionMove.m */ = {isa = PBXFileReference; fileEncoding = 4; lastKnownFileType = sourcecode.c.objc; path = CustomSectionMove.m; sourceTree = "<group>"; };
		BABEA1FA146368F00052D29D /* Piece.h */ = {isa = PBXFileReference; fileEncoding = 4; lastKnownFileType = sourcecode.c.h; path = Piece.h; sourceTree = "<group>"; };
		BABEA1FB146368F00052D29D /* Piece.m */ = {isa = PBXFileReference; fileEncoding = 4; lastKnownFileType = sourcecode.c.objc; path = Piece.m; sourceTree = "<group>"; };
		BAC1B72514E5E8CF00649748 /* ACChooserUnderlay.png */ = {isa = PBXFileReference; lastKnownFileType = image.png; path = ACChooserUnderlay.png; sourceTree = "<group>"; };
		BAC1B72614E5E8CF00649748 /* ACChooserUnderlay@2x.png */ = {isa = PBXFileReference; lastKnownFileType = image.png; path = "ACChooserUnderlay@2x.png"; sourceTree = "<group>"; };
		BAC1B72914E5ED3A00649748 /* ACChooserOveraly.png */ = {isa = PBXFileReference; lastKnownFileType = image.png; path = ACChooserOveraly.png; sourceTree = "<group>"; };
		BAC1B72A14E5ED3A00649748 /* ACChooserOveraly@2x.png */ = {isa = PBXFileReference; lastKnownFileType = image.png; path = "ACChooserOveraly@2x.png"; sourceTree = "<group>"; };
		BAC1B72D14E6088200649748 /* EnterPieceName.png */ = {isa = PBXFileReference; lastKnownFileType = image.png; path = EnterPieceName.png; sourceTree = "<group>"; };
		BAC1B72E14E6088200649748 /* EnterPieceName@2x.png */ = {isa = PBXFileReference; lastKnownFileType = image.png; path = "EnterPieceName@2x.png"; sourceTree = "<group>"; };
		BAC1B73114E60C4300649748 /* EnterComposer.png */ = {isa = PBXFileReference; lastKnownFileType = image.png; path = EnterComposer.png; sourceTree = "<group>"; };
		BAC1B73214E60C4300649748 /* EnterComposer@2x.png */ = {isa = PBXFileReference; lastKnownFileType = image.png; path = "EnterComposer@2x.png"; sourceTree = "<group>"; };
		BAC1B73514E6BF2300649748 /* libTestFlight.a */ = {isa = PBXFileReference; lastKnownFileType = archive.ar; path = libTestFlight.a; sourceTree = "<group>"; };
		BAC1B73614E6BF2300649748 /* TestFlight.h */ = {isa = PBXFileReference; fileEncoding = 4; lastKnownFileType = sourcecode.c.h; path = TestFlight.h; sourceTree = "<group>"; };
		BAC1B74214E6CBCB00649748 /* ScalesCellBG.png */ = {isa = PBXFileReference; lastKnownFileType = image.png; path = ScalesCellBG.png; sourceTree = "<group>"; };
		BAC1B74314E6CBCB00649748 /* ScalesCellBG@2x.png */ = {isa = PBXFileReference; lastKnownFileType = image.png; path = "ScalesCellBG@2x.png"; sourceTree = "<group>"; };
		BAC1B74614E6D1B000649748 /* StepperMinusDown.png */ = {isa = PBXFileReference; lastKnownFileType = image.png; path = StepperMinusDown.png; sourceTree = "<group>"; };
		BAC1B74714E6D1B000649748 /* StepperMinusDown@2x.png */ = {isa = PBXFileReference; lastKnownFileType = image.png; path = "StepperMinusDown@2x.png"; sourceTree = "<group>"; };
		BAC1B74814E6D1B000649748 /* StepperPlusDown.png */ = {isa = PBXFileReference; lastKnownFileType = image.png; path = StepperPlusDown.png; sourceTree = "<group>"; };
		BAC1B74914E6D1B000649748 /* StepperPlusDown@2x.png */ = {isa = PBXFileReference; lastKnownFileType = image.png; path = "StepperPlusDown@2x.png"; sourceTree = "<group>"; };
		BAC1B74E14E6D3BE00649748 /* StepperRolls.png */ = {isa = PBXFileReference; lastKnownFileType = image.png; path = StepperRolls.png; sourceTree = "<group>"; };
		BAC1B74F14E6D3BF00649748 /* StepperRolls@2x.png */ = {isa = PBXFileReference; lastKnownFileType = image.png; path = "StepperRolls@2x.png"; sourceTree = "<group>"; };
		BAC1B75214E6D4E300649748 /* SectionHeader3.png */ = {isa = PBXFileReference; lastKnownFileType = image.png; path = SectionHeader3.png; sourceTree = "<group>"; };
		BAC1B75314E6D4E300649748 /* SectionHeader3@2x.png */ = {isa = PBXFileReference; lastKnownFileType = image.png; path = "SectionHeader3@2x.png"; sourceTree = "<group>"; };
		BACA58CA14E866200054A634 /* BlockBackground.h */ = {isa = PBXFileReference; fileEncoding = 4; lastKnownFileType = sourcecode.c.h; path = BlockBackground.h; sourceTree = "<group>"; };
		BACA58CB14E866200054A634 /* BlockBackground.m */ = {isa = PBXFileReference; fileEncoding = 4; lastKnownFileType = sourcecode.c.objc; path = BlockBackground.m; sourceTree = "<group>"; };
		BACA58CC14E866200054A634 /* BlockActionSheet.h */ = {isa = PBXFileReference; fileEncoding = 4; lastKnownFileType = sourcecode.c.h; path = BlockActionSheet.h; sourceTree = "<group>"; };
		BACA58CD14E866200054A634 /* BlockActionSheet.m */ = {isa = PBXFileReference; fileEncoding = 4; lastKnownFileType = sourcecode.c.objc; path = BlockActionSheet.m; sourceTree = "<group>"; };
		BACA58CE14E866200054A634 /* BlockAlertView.h */ = {isa = PBXFileReference; fileEncoding = 4; lastKnownFileType = sourcecode.c.h; path = BlockAlertView.h; sourceTree = "<group>"; };
		BACA58CF14E866200054A634 /* BlockAlertView.m */ = {isa = PBXFileReference; fileEncoding = 4; lastKnownFileType = sourcecode.c.objc; path = BlockAlertView.m; sourceTree = "<group>"; };
		BACA58D414E8678A0054A634 /* alert-black-button.png */ = {isa = PBXFileReference; lastKnownFileType = image.png; path = "alert-black-button.png"; sourceTree = "<group>"; };
		BACA58D514E8678A0054A634 /* alert-black-button@2x.png */ = {isa = PBXFileReference; lastKnownFileType = image.png; path = "alert-black-button@2x.png"; sourceTree = "<group>"; };
		BACA58D614E8678A0054A634 /* alert-gray-button.png */ = {isa = PBXFileReference; lastKnownFileType = image.png; path = "alert-gray-button.png"; sourceTree = "<group>"; };
		BACA58D714E8678A0054A634 /* alert-gray-button@2x.png */ = {isa = PBXFileReference; lastKnownFileType = image.png; path = "alert-gray-button@2x.png"; sourceTree = "<group>"; };
		BACA58D814E8678A0054A634 /* alert-red-button.png */ = {isa = PBXFileReference; lastKnownFileType = image.png; path = "alert-red-button.png"; sourceTree = "<group>"; };
		BACA58D914E8678A0054A634 /* alert-red-button@2x.png */ = {isa = PBXFileReference; lastKnownFileType = image.png; path = "alert-red-button@2x.png"; sourceTree = "<group>"; };
		BACA58DA14E8678A0054A634 /* alert-window.png */ = {isa = PBXFileReference; lastKnownFileType = image.png; path = "alert-window.png"; sourceTree = "<group>"; };
		BACA58DB14E8678A0054A634 /* alert-window@2x.png */ = {isa = PBXFileReference; lastKnownFileType = image.png; path = "alert-window@2x.png"; sourceTree = "<group>"; };
		BADA3F7C140BD8DF00B57C49 /* Liszt.app */ = {isa = PBXFileReference; explicitFileType = wrapper.application; includeInIndex = 0; path = Liszt.app; sourceTree = BUILT_PRODUCTS_DIR; };
		BADA3F80140BD8DF00B57C49 /* UIKit.framework */ = {isa = PBXFileReference; lastKnownFileType = wrapper.framework; name = UIKit.framework; path = System/Library/Frameworks/UIKit.framework; sourceTree = SDKROOT; };
		BADA3F82140BD8DF00B57C49 /* Foundation.framework */ = {isa = PBXFileReference; lastKnownFileType = wrapper.framework; name = Foundation.framework; path = System/Library/Frameworks/Foundation.framework; sourceTree = SDKROOT; };
		BADA3F86140BD8DF00B57C49 /* Liszt-Info.plist */ = {isa = PBXFileReference; lastKnownFileType = text.plist.xml; path = "Liszt-Info.plist"; sourceTree = "<group>"; };
		BADA3F88140BD8DF00B57C49 /* en */ = {isa = PBXFileReference; lastKnownFileType = text.plist.strings; name = en; path = en.lproj/InfoPlist.strings; sourceTree = "<group>"; };
		BADA3F8A140BD8DF00B57C49 /* main.m */ = {isa = PBXFileReference; lastKnownFileType = sourcecode.c.objc; path = main.m; sourceTree = "<group>"; };
		BADA3F8C140BD8DF00B57C49 /* Liszt-Prefix.pch */ = {isa = PBXFileReference; lastKnownFileType = sourcecode.c.h; path = "Liszt-Prefix.pch"; sourceTree = "<group>"; };
		BADA3F8D140BD8DF00B57C49 /* AppDelegate.h */ = {isa = PBXFileReference; lastKnownFileType = sourcecode.c.h; path = AppDelegate.h; sourceTree = "<group>"; };
		BADA3F8E140BD8DF00B57C49 /* AppDelegate.m */ = {isa = PBXFileReference; lastKnownFileType = sourcecode.c.objc; path = AppDelegate.m; sourceTree = "<group>"; };
		BADA3F96140BD98200B57C49 /* Scale.h */ = {isa = PBXFileReference; fileEncoding = 4; lastKnownFileType = sourcecode.c.h; lineEnding = 0; path = Scale.h; sourceTree = "<group>"; xcLanguageSpecificationIdentifier = xcode.lang.objcpp; };
		BADA3F97140BD98200B57C49 /* Scale.m */ = {isa = PBXFileReference; fileEncoding = 4; lastKnownFileType = sourcecode.c.objc; lineEnding = 0; path = Scale.m; sourceTree = "<group>"; xcLanguageSpecificationIdentifier = xcode.lang.objc; };
		BADA3F9A140BD98200B57C49 /* FileHelpers.h */ = {isa = PBXFileReference; fileEncoding = 4; lastKnownFileType = sourcecode.c.h; path = FileHelpers.h; sourceTree = "<group>"; };
		BADA3F9B140BD98200B57C49 /* FileHelpers.m */ = {isa = PBXFileReference; fileEncoding = 4; lastKnownFileType = sourcecode.c.objc; path = FileHelpers.m; sourceTree = "<group>"; };
		BADA3F9F140BD9B700B57C49 /* ScalesPracticedCell.h */ = {isa = PBXFileReference; fileEncoding = 4; lastKnownFileType = sourcecode.c.h; path = ScalesPracticedCell.h; sourceTree = "<group>"; };
		BADA3FA0140BD9B700B57C49 /* ScalesPracticedCell.m */ = {isa = PBXFileReference; fileEncoding = 4; lastKnownFileType = sourcecode.c.objc; path = ScalesPracticedCell.m; sourceTree = "<group>"; };
		BADA3FA1140BD9B700B57C49 /* ScalesPracticedCell.xib */ = {isa = PBXFileReference; fileEncoding = 4; lastKnownFileType = file.xib; path = ScalesPracticedCell.xib; sourceTree = "<group>"; };
		BADA3FA9140BDA5D00B57C49 /* ScalePickerVC.h */ = {isa = PBXFileReference; fileEncoding = 4; lastKnownFileType = sourcecode.c.h; path = ScalePickerVC.h; sourceTree = "<group>"; };
		BADA3FAA140BDA5D00B57C49 /* ScalePickerVC.m */ = {isa = PBXFileReference; fileEncoding = 4; lastKnownFileType = sourcecode.c.objc; lineEnding = 0; path = ScalePickerVC.m; sourceTree = "<group>"; xcLanguageSpecificationIdentifier = xcode.lang.objc; };
		BADA3FAB140BDA5D00B57C49 /* ScalePickerVC.xib */ = {isa = PBXFileReference; fileEncoding = 4; lastKnownFileType = file.xib; path = ScalePickerVC.xib; sourceTree = "<group>"; };
		BADA3FB8140BDA6E00B57C49 /* Common.h */ = {isa = PBXFileReference; fileEncoding = 4; lastKnownFileType = sourcecode.c.h; lineEnding = 0; path = Common.h; sourceTree = "<group>"; xcLanguageSpecificationIdentifier = xcode.lang.objcpp; };
		BAE1FFD615063910004D63E0 /* LisztTopText.png */ = {isa = PBXFileReference; lastKnownFileType = image.png; path = LisztTopText.png; sourceTree = "<group>"; };
		BAE1FFD715063910004D63E0 /* LisztTopText@2x.png */ = {isa = PBXFileReference; lastKnownFileType = image.png; path = "LisztTopText@2x.png"; sourceTree = "<group>"; };
		BAE1FFDA1506F546004D63E0 /* StatsBGR.png */ = {isa = PBXFileReference; lastKnownFileType = image.png; path = StatsBGR.png; sourceTree = "<group>"; };
		BAE1FFDB1506F546004D63E0 /* StatsBGR@2x.png */ = {isa = PBXFileReference; lastKnownFileType = image.png; path = "StatsBGR@2x.png"; sourceTree = "<group>"; };
		BAE1FFDE1506F60B004D63E0 /* AddButtonR.png */ = {isa = PBXFileReference; lastKnownFileType = image.png; path = AddButtonR.png; sourceTree = "<group>"; };
		BAE1FFDF1506F60B004D63E0 /* AddButtonR@2x.png */ = {isa = PBXFileReference; lastKnownFileType = image.png; path = "AddButtonR@2x.png"; sourceTree = "<group>"; };
		BAE1FFE01506F60B004D63E0 /* DateButtonR.png */ = {isa = PBXFileReference; lastKnownFileType = image.png; path = DateButtonR.png; sourceTree = "<group>"; };
		BAE1FFE11506F60B004D63E0 /* DateButtonR@2x.png */ = {isa = PBXFileReference; lastKnownFileType = image.png; path = "DateButtonR@2x.png"; sourceTree = "<group>"; };
		BAE6998214E5555700D3ADF8 /* UIColor+YellowTextColor.h */ = {isa = PBXFileReference; fileEncoding = 4; lastKnownFileType = sourcecode.c.h; path = "UIColor+YellowTextColor.h"; sourceTree = "<group>"; };
		BAE6998314E5555700D3ADF8 /* UIColor+YellowTextColor.m */ = {isa = PBXFileReference; fileEncoding = 4; lastKnownFileType = sourcecode.c.objc; path = "UIColor+YellowTextColor.m"; sourceTree = "<group>"; };
		BAE6998614E5679B00D3ADF8 /* SectionHeader2.png */ = {isa = PBXFileReference; lastKnownFileType = image.png; path = SectionHeader2.png; sourceTree = "<group>"; };
		BAE6998714E5679B00D3ADF8 /* SectionHeader2@2x.png */ = {isa = PBXFileReference; lastKnownFileType = image.png; path = "SectionHeader2@2x.png"; sourceTree = "<group>"; };
		BAE6998A14E57AF100D3ADF8 /* DisclosureArrow.png */ = {isa = PBXFileReference; lastKnownFileType = image.png; path = DisclosureArrow.png; sourceTree = "<group>"; };
		BAE6998B14E57AF100D3ADF8 /* DisclosureArrow@2x.png */ = {isa = PBXFileReference; lastKnownFileType = image.png; path = "DisclosureArrow@2x.png"; sourceTree = "<group>"; };
		BAE6999114E5B65100D3ADF8 /* DisclosureArrowDown.png */ = {isa = PBXFileReference; lastKnownFileType = image.png; path = DisclosureArrowDown.png; sourceTree = "<group>"; };
		BAE6999214E5B65100D3ADF8 /* DisclosureArrowDown@2x.png */ = {isa = PBXFileReference; lastKnownFileType = image.png; path = "DisclosureArrowDown@2x.png"; sourceTree = "<group>"; };
		BAE6999A14E5D6FB00D3ADF8 /* AddItemButton.png */ = {isa = PBXFileReference; lastKnownFileType = image.png; path = AddItemButton.png; sourceTree = "<group>"; };
		BAE6999B14E5D6FB00D3ADF8 /* AddItemButton@2x.png */ = {isa = PBXFileReference; lastKnownFileType = image.png; path = "AddItemButton@2x.png"; sourceTree = "<group>"; };
		BAF21D4614D4EC2000CA7060 /* StatsVC+TableViewDelegate.h */ = {isa = PBXFileReference; fileEncoding = 4; lastKnownFileType = sourcecode.c.h; path = "StatsVC+TableViewDelegate.h"; sourceTree = "<group>"; };
		BAF21D4714D4EC2000CA7060 /* StatsVC+TableViewDelegate.m */ = {isa = PBXFileReference; fileEncoding = 4; lastKnownFileType = sourcecode.c.objc; path = "StatsVC+TableViewDelegate.m"; sourceTree = "<group>"; };
		BAF21D4A14D5953000CA7060 /* StatsVC+Header.h */ = {isa = PBXFileReference; fileEncoding = 4; lastKnownFileType = sourcecode.c.h; path = "StatsVC+Header.h"; sourceTree = "<group>"; };
		BAF21D4B14D5953000CA7060 /* StatsVC+Header.m */ = {isa = PBXFileReference; fileEncoding = 4; lastKnownFileType = sourcecode.c.objc; path = "StatsVC+Header.m"; sourceTree = "<group>"; };
		CE48BEBF14F31D27002535E5 /* DynamicLabel.h */ = {isa = PBXFileReference; fileEncoding = 4; lastKnownFileType = sourcecode.c.h; path = DynamicLabel.h; sourceTree = "<group>"; };
		CE48BEC014F31D27002535E5 /* DynamicLabel.m */ = {isa = PBXFileReference; fileEncoding = 4; lastKnownFileType = sourcecode.c.objc; path = DynamicLabel.m; sourceTree = "<group>"; };
		CE48BEC114F31D27002535E5 /* StopWatch.h */ = {isa = PBXFileReference; fileEncoding = 4; lastKnownFileType = sourcecode.c.h; path = StopWatch.h; sourceTree = "<group>"; };
		CE48BEC214F31D27002535E5 /* StopWatch.m */ = {isa = PBXFileReference; fileEncoding = 4; lastKnownFileType = sourcecode.c.objc; path = StopWatch.m; sourceTree = "<group>"; };
		CE510090150BE05B00B56D91 /* Rhyth.otf */ = {isa = PBXFileReference; lastKnownFileType = file; path = Rhyth.otf; sourceTree = "<group>"; };
		CE598BD41518FFAD00B3BDB7 /* HistoryViewController.h */ = {isa = PBXFileReference; fileEncoding = 4; lastKnownFileType = sourcecode.c.h; path = HistoryViewController.h; sourceTree = "<group>"; };
		CE598BD51518FFAD00B3BDB7 /* HistoryViewController.m */ = {isa = PBXFileReference; fileEncoding = 4; lastKnownFileType = sourcecode.c.objc; path = HistoryViewController.m; sourceTree = "<group>"; };
		CE598BD81519012600B3BDB7 /* HistoryViewController.xib */ = {isa = PBXFileReference; fileEncoding = 4; lastKnownFileType = file.xib; path = HistoryViewController.xib; sourceTree = "<group>"; };
		CE598BDA1519033200B3BDB7 /* ContainerViewController.h */ = {isa = PBXFileReference; fileEncoding = 4; lastKnownFileType = sourcecode.c.h; path = ContainerViewController.h; sourceTree = "<group>"; };
		CE598BDB1519033200B3BDB7 /* ContainerViewController.m */ = {isa = PBXFileReference; fileEncoding = 4; lastKnownFileType = sourcecode.c.objc; path = ContainerViewController.m; sourceTree = "<group>"; };
		CE598BDD15191B6F00B3BDB7 /* HistoryCell.h */ = {isa = PBXFileReference; fileEncoding = 4; lastKnownFileType = sourcecode.c.h; path = HistoryCell.h; sourceTree = "<group>"; };
		CE598BDE15191B6F00B3BDB7 /* HistoryCell.m */ = {isa = PBXFileReference; fileEncoding = 4; lastKnownFileType = sourcecode.c.objc; path = HistoryCell.m; sourceTree = "<group>"; };
		CE83174B150E7EEA00611DB5 /* CompoundString.h */ = {isa = PBXFileReference; fileEncoding = 4; lastKnownFileType = sourcecode.c.h; path = CompoundString.h; sourceTree = "<group>"; };
		CE83174C150E7EEA00611DB5 /* CompoundString.m */ = {isa = PBXFileReference; fileEncoding = 4; lastKnownFileType = sourcecode.c.objc; path = CompoundString.m; sourceTree = "<group>"; };
		CE83174F150E9F1E00611DB5 /* PieceCell.h */ = {isa = PBXFileReference; fileEncoding = 4; lastKnownFileType = sourcecode.c.h; path = PieceCell.h; sourceTree = "<group>"; };
		CE831750150E9F1E00611DB5 /* PieceCell.m */ = {isa = PBXFileReference; fileEncoding = 4; lastKnownFileType = sourcecode.c.objc; path = PieceCell.m; sourceTree = "<group>"; };
		CE98858D14EC8B5000E8FA90 /* SessionStore.h */ = {isa = PBXFileReference; fileEncoding = 4; lastKnownFileType = sourcecode.c.h; path = SessionStore.h; sourceTree = "<group>"; };
		CE98858E14EC8B5000E8FA90 /* SessionStore.m */ = {isa = PBXFileReference; fileEncoding = 4; lastKnownFileType = sourcecode.c.objc; lineEnding = 0; path = SessionStore.m; sourceTree = "<group>"; xcLanguageSpecificationIdentifier = xcode.lang.objc; };
		CECCE16F150CF1650084B147 /* LisztCell.h */ = {isa = PBXFileReference; fileEncoding = 4; lastKnownFileType = sourcecode.c.h; path = LisztCell.h; sourceTree = "<group>"; };
		CECCE170150CF1650084B147 /* LisztCell.m */ = {isa = PBXFileReference; fileEncoding = 4; lastKnownFileType = sourcecode.c.objc; path = LisztCell.m; sourceTree = "<group>"; };
		CECCE173150D42060084B147 /* ScaleCell.h */ = {isa = PBXFileReference; fileEncoding = 4; lastKnownFileType = sourcecode.c.h; path = ScaleCell.h; sourceTree = "<group>"; };
		CECCE174150D42060084B147 /* ScaleCell.m */ = {isa = PBXFileReference; fileEncoding = 4; lastKnownFileType = sourcecode.c.objc; path = ScaleCell.m; sourceTree = "<group>"; };
/* End PBXFileReference section */

/* Begin PBXFrameworksBuildPhase section */
		BADA3F79140BD8DF00B57C49 /* Frameworks */ = {
			isa = PBXFrameworksBuildPhase;
			buildActionMask = 2147483647;
			files = (
				BA37B8551482DB9800C41484 /* QuartzCore.framework in Frameworks */,
				BAB8C0E11447368F00887CDA /* CoreGraphics.framework in Frameworks */,
				BA84EE441411784E00E01BDB /* AVFoundation.framework in Frameworks */,
				BADA3F81140BD8DF00B57C49 /* UIKit.framework in Frameworks */,
				BADA3F83140BD8DF00B57C49 /* Foundation.framework in Frameworks */,
				BAC1B73714E6BF2300649748 /* libTestFlight.a in Frameworks */,
			);
			runOnlyForDeploymentPostprocessing = 0;
		};
/* End PBXFrameworksBuildPhase section */

/* Begin PBXGroup section */
		BA08C5E5140D3D35009C5E8D /* Images */ = {
			isa = PBXGroup;
			children = (
				BAE1FFDE1506F60B004D63E0 /* AddButtonR.png */,
				BAE1FFDF1506F60B004D63E0 /* AddButtonR@2x.png */,
				BAE1FFE01506F60B004D63E0 /* DateButtonR.png */,
				BAE1FFE11506F60B004D63E0 /* DateButtonR@2x.png */,
				BAE1FFDA1506F546004D63E0 /* StatsBGR.png */,
				BAE1FFDB1506F546004D63E0 /* StatsBGR@2x.png */,
				BAE1FFD615063910004D63E0 /* LisztTopText.png */,
				BAE1FFD715063910004D63E0 /* LisztTopText@2x.png */,
				BAB01A4115040FA400F8747B /* piecesBG.png */,
				BAB01A4215040FA400F8747B /* piecesBG@2x.png */,
				BAB01A3D1503F80E00F8747B /* arpeggiosBG.png */,
				BAB01A3E1503F80E00F8747B /* arpeggiosBG@2x.png */,
				BAB01A381503F4BE00F8747B /* ScalesBG2.png */,
				BAB01A391503F4BE00F8747B /* ScalesBG2@2x.png */,
				BA7AA6671503E58D00502553 /* doneButton.png */,
				BA7AA6681503E58D00502553 /* doneButton@2x.png */,
				BA7AA6631503E36500502553 /* arpsChooserBG.png */,
				BA7AA6641503E36500502553 /* arpsChooserBG@2x.png */,
				BA7AA65F1503E0DC00502553 /* LisztHUD.png */,
				BA7AA6601503E0DC00502553 /* LisztHUD@2x.png */,
				BA01203D14FC34A600E1956E /* StartTimer.png */,
				BA01203E14FC34A600E1956E /* StartTimer@2x.png */,
				BA01203F14FC34A600E1956E /* StopTimer.png */,
				BA01204014FC34A600E1956E /* StopTimer@2x.png */,
				BA0062A114FC317E00A89995 /* StopButton.png */,
				BA0062A214FC317F00A89995 /* StopButton@2x.png */,
				BA19769014F9802200085FAD /* OctavesSegment0.png */,
				BA19769114F9802200085FAD /* OctavesSegment0@2x.png */,
				BA19769214F9802200085FAD /* OctavesSegment1.png */,
				BA19769314F9802200085FAD /* OctavesSegment1@2x.png */,
				BA19769414F9802200085FAD /* OctavesSegment2.png */,
				BA19769514F9802200085FAD /* OctavesSegment2@2x.png */,
				BA19769614F9802200085FAD /* OctavesSegment3.png */,
				BA19769714F9802200085FAD /* OctavesSegment3@2x.png */,
				BA19768C14F97A2000085FAD /* SegmentArrow.png */,
				BA19768D14F97A2000085FAD /* SegmentArrow@2x.png */,
				BA19768414F9644B00085FAD /* MajOrMin0.png */,
				BA19768514F9644B00085FAD /* MajOrMin0@2x.png */,
				BA19768614F9644B00085FAD /* MajOrMin1.png */,
				BA19768714F9644B00085FAD /* MajOrMin1@2x.png */,
				BA25A09414E830AE003A71AE /* backToTodayButton.png */,
				BA25A09514E830AE003A71AE /* backToTodayButton@2x.png */,
				BA1E209E14E6E92200F0D2FC /* ArpsButton.png */,
				BA1E209F14E6E92200F0D2FC /* ArpsButton@2x.png */,
				BA1E20A014E6E92200F0D2FC /* PiecesButton.png */,
				BA1E20A114E6E92200F0D2FC /* PiecesButton@2x.png */,
				BA1E20A214E6E92200F0D2FC /* ScalesButton.png */,
				BA1E20A314E6E92200F0D2FC /* ScalesButton@2x.png */,
				BA1E209914E6E7E400F0D2FC /* AddPopupBackboard.png */,
				BA1E209A14E6E7E400F0D2FC /* AddPopupBackboard@2x.png */,
				BAC1B75214E6D4E300649748 /* SectionHeader3.png */,
				BAC1B75314E6D4E300649748 /* SectionHeader3@2x.png */,
				BAC1B74E14E6D3BE00649748 /* StepperRolls.png */,
				BAC1B74F14E6D3BF00649748 /* StepperRolls@2x.png */,
				BAC1B74614E6D1B000649748 /* StepperMinusDown.png */,
				BAC1B74714E6D1B000649748 /* StepperMinusDown@2x.png */,
				BAC1B74814E6D1B000649748 /* StepperPlusDown.png */,
				BAC1B74914E6D1B000649748 /* StepperPlusDown@2x.png */,
				BAC1B74214E6CBCB00649748 /* ScalesCellBG.png */,
				BAC1B74314E6CBCB00649748 /* ScalesCellBG@2x.png */,
				BAC1B73114E60C4300649748 /* EnterComposer.png */,
				BAC1B73214E60C4300649748 /* EnterComposer@2x.png */,
				BAC1B72D14E6088200649748 /* EnterPieceName.png */,
				BAC1B72E14E6088200649748 /* EnterPieceName@2x.png */,
				BAC1B72914E5ED3A00649748 /* ACChooserOveraly.png */,
				BAC1B72A14E5ED3A00649748 /* ACChooserOveraly@2x.png */,
				BAC1B72514E5E8CF00649748 /* ACChooserUnderlay.png */,
				BAC1B72614E5E8CF00649748 /* ACChooserUnderlay@2x.png */,
				BAE6999A14E5D6FB00D3ADF8 /* AddItemButton.png */,
				BAE6999B14E5D6FB00D3ADF8 /* AddItemButton@2x.png */,
				BAE6999114E5B65100D3ADF8 /* DisclosureArrowDown.png */,
				BAE6999214E5B65100D3ADF8 /* DisclosureArrowDown@2x.png */,
				BAE6998A14E57AF100D3ADF8 /* DisclosureArrow.png */,
				BAE6998B14E57AF100D3ADF8 /* DisclosureArrow@2x.png */,
				BAE6998614E5679B00D3ADF8 /* SectionHeader2.png */,
				BAE6998714E5679B00D3ADF8 /* SectionHeader2@2x.png */,
				BA824AEE14E4CA4A00EAC74F /* SectionHeader1.png */,
				BA824AEF14E4CA4A00EAC74F /* SectionHeader1@2x.png */,
				BA824ABC14E4777900EAC74F /* StartMetronomeButton.png */,
				BA824ABD14E4777900EAC74F /* StartMetronomeButton@2x.png */,
			);
			name = Images;
			sourceTree = "<group>";
		};
		BA84EE3F1411772B00E01BDB /* Sounds */ = {
			isa = PBXGroup;
			children = (
				BA30777C141C4713003124E6 /* tick.caf */,
				BA73B91314255EFF0087C404 /* tick2.caf */,
				BA73B916142562960087C404 /* tick5.aif */,
			);
			name = Sounds;
			sourceTree = "<group>";
		};
		BAC1A5F11479C194007C2422 /* View */ = {
			isa = PBXGroup;
			children = (
				BA64B01D1475845700B71D18 /* CustomSectionHeader.xib */,
				BA37B84B1482C9C800C41484 /* SectionHeaderView.h */,
				BA37B84C1482C9C800C41484 /* SectionHeaderView.m */,
				BA560571148E7D6F00411BA9 /* CustomPopover.xib */,
				BAE6998214E5555700D3ADF8 /* UIColor+YellowTextColor.h */,
				BAE6998314E5555700D3ADF8 /* UIColor+YellowTextColor.m */,
				BAB01A45150411AE00F8747B /* UITextField+Placeholder.h */,
				BAB01A46150411AE00F8747B /* UITextField+Placeholder.m */,
				CE83174B150E7EEA00611DB5 /* CompoundString.h */,
				CE83174C150E7EEA00611DB5 /* CompoundString.m */,
			);
			name = View;
			sourceTree = "<group>";
		};
		BADA3F71140BD8DF00B57C49 = {
			isa = PBXGroup;
			children = (
				BA1A9F361502EE230010C39E /* LisztIcon.png */,
				BA1A9F341502EE090010C39E /* LisztIcon@2x.png */,
				BAC1B73514E6BF2300649748 /* libTestFlight.a */,
				BAC1B73614E6BF2300649748 /* TestFlight.h */,
				BA824AA614E4589600EAC74F /* Default@2x.png */,
				BA824AA414E4588E00EAC74F /* Default.png */,
				BA824AEC14E4C14C00EAC74F /* ACaslonPro-Regular.otf */,
				CE510090150BE05B00B56D91 /* Rhyth.otf */,
				BADA3F84140BD8DF00B57C49 /* Liszt */,
				BADA3F7F140BD8DF00B57C49 /* Frameworks */,
				BADA3F7D140BD8DF00B57C49 /* Products */,
			);
			sourceTree = "<group>";
		};
		BADA3F7D140BD8DF00B57C49 /* Products */ = {
			isa = PBXGroup;
			children = (
				BADA3F7C140BD8DF00B57C49 /* Liszt.app */,
			);
			name = Products;
			sourceTree = "<group>";
		};
		BADA3F7F140BD8DF00B57C49 /* Frameworks */ = {
			isa = PBXGroup;
			children = (
				BA37B8541482DB9700C41484 /* QuartzCore.framework */,
				BAB8C0E01447368F00887CDA /* CoreGraphics.framework */,
				BA84EE431411784E00E01BDB /* AVFoundation.framework */,
				BADA3F80140BD8DF00B57C49 /* UIKit.framework */,
				BADA3F82140BD8DF00B57C49 /* Foundation.framework */,
			);
			name = Frameworks;
			sourceTree = "<group>";
		};
		BADA3F84140BD8DF00B57C49 /* Liszt */ = {
			isa = PBXGroup;
			children = (
				BA84EE3F1411772B00E01BDB /* Sounds */,
				BA08C5E5140D3D35009C5E8D /* Images */,
				BAF3AA2514535B26004EB308 /* Custom Controls */,
				BADA3F95140BD94500B57C49 /* Model */,
				BAC1A5F11479C194007C2422 /* View */,
				BADA3FA4140BD9C200B57C49 /* Cells */,
				BADA3FA5140BDA4600B57C49 /* View Controllers */,
				BADA3F8D140BD8DF00B57C49 /* AppDelegate.h */,
				BADA3F8E140BD8DF00B57C49 /* AppDelegate.m */,
				BADA3FB8140BDA6E00B57C49 /* Common.h */,
				BADA3F85140BD8DF00B57C49 /* Supporting Files */,
			);
			name = Liszt;
			path = MusicLog;
			sourceTree = "<group>";
		};
		BADA3F85140BD8DF00B57C49 /* Supporting Files */ = {
			isa = PBXGroup;
			children = (
				BADA3F86140BD8DF00B57C49 /* Liszt-Info.plist */,
				BADA3F87140BD8DF00B57C49 /* InfoPlist.strings */,
				BADA3F8A140BD8DF00B57C49 /* main.m */,
				BADA3F8C140BD8DF00B57C49 /* Liszt-Prefix.pch */,
			);
			name = "Supporting Files";
			sourceTree = "<group>";
		};
		BADA3F95140BD94500B57C49 /* Model */ = {
			isa = PBXGroup;
			children = (
				BADA3F96140BD98200B57C49 /* Scale.h */,
				BADA3F97140BD98200B57C49 /* Scale.m */,
				BABEA1FA146368F00052D29D /* Piece.h */,
				BABEA1FB146368F00052D29D /* Piece.m */,
				CE98858D14EC8B5000E8FA90 /* SessionStore.h */,
				CE98858E14EC8B5000E8FA90 /* SessionStore.m */,
				BADA3F9A140BD98200B57C49 /* FileHelpers.h */,
				BADA3F9B140BD98200B57C49 /* FileHelpers.m */,
				BA513253145A484600043279 /* ACchooser.h */,
				BA513254145A484600043279 /* ACchooser.m */,
				BA019391142C146F004DCE8D /* Session.h */,
				BA019392142C146F004DCE8D /* Session.m */,
				BA44683F14F92E0400AE0A0D /* NSMutableOrderedSet+DeepCopy.h */,
				BA44684014F92E0400AE0A0D /* NSMutableOrderedSet+DeepCopy.m */,
				BA64B00D147468C400B71D18 /* NSString+Number.h */,
				BA64B00E147468C400B71D18 /* NSString+Number.m */,
				BA37B8511482D56E00C41484 /* SectionInfo.h */,
				BA37B8521482D56E00C41484 /* SectionInfo.m */,
				BA26622214ABAF4200D9F3F6 /* Metronome.h */,
				BA26622314ABAF4200D9F3F6 /* Metronome.m */,
				CE48BEBF14F31D27002535E5 /* DynamicLabel.h */,
				CE48BEC014F31D27002535E5 /* DynamicLabel.m */,
				CE48BEC114F31D27002535E5 /* StopWatch.h */,
				CE48BEC214F31D27002535E5 /* StopWatch.m */,
			);
			name = Model;
			sourceTree = "<group>";
		};
		BADA3FA4140BD9C200B57C49 /* Cells */ = {
			isa = PBXGroup;
			children = (
				CECCE16F150CF1650084B147 /* LisztCell.h */,
				CECCE170150CF1650084B147 /* LisztCell.m */,
				CECCE173150D42060084B147 /* ScaleCell.h */,
				CECCE174150D42060084B147 /* ScaleCell.m */,
				CE83174F150E9F1E00611DB5 /* PieceCell.h */,
				CE831750150E9F1E00611DB5 /* PieceCell.m */,
				CE598BDD15191B6F00B3BDB7 /* HistoryCell.h */,
				CE598BDE15191B6F00B3BDB7 /* HistoryCell.m */,
				BADA3F9F140BD9B700B57C49 /* ScalesPracticedCell.h */,
				BADA3FA0140BD9B700B57C49 /* ScalesPracticedCell.m */,
				BADA3FA1140BD9B700B57C49 /* ScalesPracticedCell.xib */,
				BA5605731492D97500411BA9 /* TimerCell.h */,
				BA5605741492D97500411BA9 /* TimerCell.m */,
				BA5605751492D97500411BA9 /* TimerCell.xib */,
			);
			name = Cells;
			sourceTree = "<group>";
		};
		BADA3FA5140BDA4600B57C49 /* View Controllers */ = {
			isa = PBXGroup;
			children = (
				BADA3FA9140BDA5D00B57C49 /* ScalePickerVC.h */,
				BADA3FAA140BDA5D00B57C49 /* ScalePickerVC.m */,
				BADA3FAB140BDA5D00B57C49 /* ScalePickerVC.xib */,
				BA811C6D140D38E100A5558A /* PiecesPickerVC.h */,
				BA811C6E140D38E100A5558A /* PiecesPickerVC.m */,
				BA811C6F140D38E100A5558A /* PiecesPickerVC.xib */,
				BAF21D4614D4EC2000CA7060 /* StatsVC+TableViewDelegate.h */,
				BAF21D4714D4EC2000CA7060 /* StatsVC+TableViewDelegate.m */,
				BAF21D4A14D5953000CA7060 /* StatsVC+Header.h */,
				BAF21D4B14D5953000CA7060 /* StatsVC+Header.m */,
				BA811C73140D38EF00A5558A /* StatsVC.h */,
				BA811C74140D38EF00A5558A /* StatsVC.m */,
				BA52EED415156FEB00C2A012 /* StatsView.h */,
				BA52EED515156FEB00C2A012 /* StatsView.m */,
				BA811C75140D38EF00A5558A /* StatsVC.xib */,
				BABD7C7615102955006C81BE /* NotesVC.h */,
				BABD7C7715102955006C81BE /* NotesVC.m */,
				CE598BD41518FFAD00B3BDB7 /* HistoryViewController.h */,
				CE598BD51518FFAD00B3BDB7 /* HistoryViewController.m */,
				CE598BD81519012600B3BDB7 /* HistoryViewController.xib */,
				CE598BDA1519033200B3BDB7 /* ContainerViewController.h */,
				CE598BDB1519033200B3BDB7 /* ContainerViewController.m */,
			);
			name = "View Controllers";
			sourceTree = "<group>";
		};
		BAF3AA2514535B26004EB308 /* Custom Controls */ = {
			isa = PBXGroup;
			children = (
				BACA58D414E8678A0054A634 /* alert-black-button.png */,
				BACA58D514E8678A0054A634 /* alert-black-button@2x.png */,
				BACA58D614E8678A0054A634 /* alert-gray-button.png */,
				BACA58D714E8678A0054A634 /* alert-gray-button@2x.png */,
				BACA58D814E8678A0054A634 /* alert-red-button.png */,
				BACA58D914E8678A0054A634 /* alert-red-button@2x.png */,
				BACA58DA14E8678A0054A634 /* alert-window.png */,
				BACA58DB14E8678A0054A634 /* alert-window@2x.png */,
				BA3077DA141E4164003124E6 /* CustomStepper.h */,
				BA3077DB141E4164003124E6 /* CustomStepper.m */,
				BA19768014F95AC000085FAD /* CustomSegment.h */,
				BA19768114F95AC000085FAD /* CustomSegment.m */,
				BABD7C7D151413C3006C81BE /* CustomSectionMove.h */,
				BABD7C7E151413C3006C81BE /* CustomSectionMove.m */,
				BA8CC24A1436088A00ADE21B /* Timer.h */,
				BA8CC24B1436088A00ADE21B /* Timer.m */,
				BA513256145B5D5C00043279 /* DoubleTap.h */,
				BA513257145B5D5C00043279 /* DoubleTap.m */,
				BACA58CA14E866200054A634 /* BlockBackground.h */,
				BACA58CB14E866200054A634 /* BlockBackground.m */,
				BACA58CC14E866200054A634 /* BlockActionSheet.h */,
				BACA58CD14E866200054A634 /* BlockActionSheet.m */,
				BACA58CE14E866200054A634 /* BlockAlertView.h */,
				BACA58CF14E866200054A634 /* BlockAlertView.m */,
			);
			name = "Custom Controls";
			sourceTree = "<group>";
		};
/* End PBXGroup section */

/* Begin PBXNativeTarget section */
		BADA3F7B140BD8DF00B57C49 /* Liszt */ = {
			isa = PBXNativeTarget;
			buildConfigurationList = BADA3F92140BD8DF00B57C49 /* Build configuration list for PBXNativeTarget "Liszt" */;
			buildPhases = (
				BADA3F78140BD8DF00B57C49 /* Sources */,
				BADA3F79140BD8DF00B57C49 /* Frameworks */,
				BADA3F7A140BD8DF00B57C49 /* Resources */,
			);
			buildRules = (
			);
			dependencies = (
			);
			name = Liszt;
			productName = MusicLog;
			productReference = BADA3F7C140BD8DF00B57C49 /* Liszt.app */;
			productType = "com.apple.product-type.application";
		};
/* End PBXNativeTarget section */

/* Begin PBXProject section */
		BADA3F73140BD8DF00B57C49 /* Project object */ = {
			isa = PBXProject;
			attributes = {
				LastUpgradeCheck = 0430;
			};
			buildConfigurationList = BADA3F76140BD8DF00B57C49 /* Build configuration list for PBXProject "Liszt" */;
			compatibilityVersion = "Xcode 3.2";
			developmentRegion = English;
			hasScannedForEncodings = 0;
			knownRegions = (
				en,
			);
			mainGroup = BADA3F71140BD8DF00B57C49;
			productRefGroup = BADA3F7D140BD8DF00B57C49 /* Products */;
			projectDirPath = "";
			projectRoot = "";
			targets = (
				BADA3F7B140BD8DF00B57C49 /* Liszt */,
			);
		};
/* End PBXProject section */

/* Begin PBXResourcesBuildPhase section */
		BADA3F7A140BD8DF00B57C49 /* Resources */ = {
			isa = PBXResourcesBuildPhase;
			buildActionMask = 2147483647;
			files = (
				CE510092150BE50B00B56D91 /* Rhyth.otf in Resources */,
				BADA3F89140BD8DF00B57C49 /* InfoPlist.strings in Resources */,
				BADA3FA3140BD9B700B57C49 /* ScalesPracticedCell.xib in Resources */,
				BADA3FB4140BDA5D00B57C49 /* ScalePickerVC.xib in Resources */,
				BA811C71140D38E100A5558A /* PiecesPickerVC.xib in Resources */,
				BA811C77140D38F000A5558A /* StatsVC.xib in Resources */,
				BA30777D141C4713003124E6 /* tick.caf in Resources */,
				BA73B91414255EFF0087C404 /* tick2.caf in Resources */,
				BA73B917142562960087C404 /* tick5.aif in Resources */,
				BA64B01F1475845700B71D18 /* CustomSectionHeader.xib in Resources */,
				BA560572148E7D6F00411BA9 /* CustomPopover.xib in Resources */,
				BA5605771492D97500411BA9 /* TimerCell.xib in Resources */,
				BA824AA514E4588E00EAC74F /* Default.png in Resources */,
				BA824AA714E4589600EAC74F /* Default@2x.png in Resources */,
				BA824ABE14E4777900EAC74F /* StartMetronomeButton.png in Resources */,
				BA824ABF14E4777900EAC74F /* StartMetronomeButton@2x.png in Resources */,
				BA824AED14E4C14C00EAC74F /* ACaslonPro-Regular.otf in Resources */,
				BA824AF014E4CA4B00EAC74F /* SectionHeader1.png in Resources */,
				BA824AF114E4CA4B00EAC74F /* SectionHeader1@2x.png in Resources */,
				BAE6998814E5679B00D3ADF8 /* SectionHeader2.png in Resources */,
				BAE6998914E5679B00D3ADF8 /* SectionHeader2@2x.png in Resources */,
				BAE6998C14E57AF100D3ADF8 /* DisclosureArrow.png in Resources */,
				BAE6998D14E57AF100D3ADF8 /* DisclosureArrow@2x.png in Resources */,
				BAE6999314E5B65100D3ADF8 /* DisclosureArrowDown.png in Resources */,
				BAE6999414E5B65100D3ADF8 /* DisclosureArrowDown@2x.png in Resources */,
				BAE6999C14E5D6FB00D3ADF8 /* AddItemButton.png in Resources */,
				BAE6999D14E5D6FB00D3ADF8 /* AddItemButton@2x.png in Resources */,
				BAC1B72714E5E8CF00649748 /* ACChooserUnderlay.png in Resources */,
				BAC1B72814E5E8CF00649748 /* ACChooserUnderlay@2x.png in Resources */,
				BAC1B72B14E5ED3A00649748 /* ACChooserOveraly.png in Resources */,
				BAC1B72C14E5ED3A00649748 /* ACChooserOveraly@2x.png in Resources */,
				BAC1B72F14E6088200649748 /* EnterPieceName.png in Resources */,
				BAC1B73014E6088200649748 /* EnterPieceName@2x.png in Resources */,
				BAC1B73314E60C4300649748 /* EnterComposer.png in Resources */,
				BAC1B73414E60C4300649748 /* EnterComposer@2x.png in Resources */,
				BAC1B74414E6CBCB00649748 /* ScalesCellBG.png in Resources */,
				BAC1B74514E6CBCB00649748 /* ScalesCellBG@2x.png in Resources */,
				BAC1B74A14E6D1B100649748 /* StepperMinusDown.png in Resources */,
				BAC1B74B14E6D1B100649748 /* StepperMinusDown@2x.png in Resources */,
				BAC1B74C14E6D1B100649748 /* StepperPlusDown.png in Resources */,
				BAC1B74D14E6D1B100649748 /* StepperPlusDown@2x.png in Resources */,
				BAC1B75014E6D3BF00649748 /* StepperRolls.png in Resources */,
				BAC1B75114E6D3BF00649748 /* StepperRolls@2x.png in Resources */,
				BAC1B75414E6D4E300649748 /* SectionHeader3.png in Resources */,
				BAC1B75514E6D4E300649748 /* SectionHeader3@2x.png in Resources */,
				BA1E209B14E6E7E400F0D2FC /* AddPopupBackboard.png in Resources */,
				BA1E209C14E6E7E400F0D2FC /* AddPopupBackboard@2x.png in Resources */,
				BA1E20A414E6E92200F0D2FC /* ArpsButton.png in Resources */,
				BA1E20A514E6E92200F0D2FC /* ArpsButton@2x.png in Resources */,
				BA1E20A614E6E92200F0D2FC /* PiecesButton.png in Resources */,
				BA1E20A714E6E92200F0D2FC /* PiecesButton@2x.png in Resources */,
				BA1E20A814E6E92200F0D2FC /* ScalesButton.png in Resources */,
				BA1E20A914E6E92200F0D2FC /* ScalesButton@2x.png in Resources */,
				BA25A09614E830AE003A71AE /* backToTodayButton.png in Resources */,
				BA25A09714E830AE003A71AE /* backToTodayButton@2x.png in Resources */,
				BACA58DC14E8678A0054A634 /* alert-black-button.png in Resources */,
				BACA58DD14E8678A0054A634 /* alert-black-button@2x.png in Resources */,
				BACA58DE14E8678A0054A634 /* alert-gray-button.png in Resources */,
				BACA58DF14E8678A0054A634 /* alert-gray-button@2x.png in Resources */,
				BACA58E014E8678A0054A634 /* alert-red-button.png in Resources */,
				BACA58E114E8678A0054A634 /* alert-red-button@2x.png in Resources */,
				BACA58E214E8678A0054A634 /* alert-window.png in Resources */,
				BACA58E314E8678A0054A634 /* alert-window@2x.png in Resources */,
				BA19768814F9644B00085FAD /* MajOrMin0.png in Resources */,
				BA19768914F9644B00085FAD /* MajOrMin0@2x.png in Resources */,
				BA19768A14F9644B00085FAD /* MajOrMin1.png in Resources */,
				BA19768B14F9644B00085FAD /* MajOrMin1@2x.png in Resources */,
				BA19768E14F97A2000085FAD /* SegmentArrow.png in Resources */,
				BA19768F14F97A2000085FAD /* SegmentArrow@2x.png in Resources */,
				BA19769814F9802200085FAD /* OctavesSegment0.png in Resources */,
				BA19769914F9802200085FAD /* OctavesSegment0@2x.png in Resources */,
				BA19769A14F9802200085FAD /* OctavesSegment1.png in Resources */,
				BA19769B14F9802200085FAD /* OctavesSegment1@2x.png in Resources */,
				BA19769C14F9802200085FAD /* OctavesSegment2.png in Resources */,
				BA19769D14F9802200085FAD /* OctavesSegment2@2x.png in Resources */,
				BA19769E14F9802200085FAD /* OctavesSegment3.png in Resources */,
				BA19769F14F9802200085FAD /* OctavesSegment3@2x.png in Resources */,
				BA0062A314FC317F00A89995 /* StopButton.png in Resources */,
				BA0062A414FC317F00A89995 /* StopButton@2x.png in Resources */,
				BA01204114FC34A600E1956E /* StartTimer.png in Resources */,
				BA01204214FC34A600E1956E /* StartTimer@2x.png in Resources */,
				BA01204314FC34A600E1956E /* StopTimer.png in Resources */,
				BA01204414FC34A600E1956E /* StopTimer@2x.png in Resources */,
				BA1A9F351502EE090010C39E /* LisztIcon@2x.png in Resources */,
				BA1A9F371502EE230010C39E /* LisztIcon.png in Resources */,
				BA7AA6611503E0DC00502553 /* LisztHUD.png in Resources */,
				BA7AA6621503E0DC00502553 /* LisztHUD@2x.png in Resources */,
				BA7AA6651503E36500502553 /* arpsChooserBG.png in Resources */,
				BA7AA6661503E36500502553 /* arpsChooserBG@2x.png in Resources */,
				BA7AA6691503E58D00502553 /* doneButton.png in Resources */,
				BA7AA66A1503E58D00502553 /* doneButton@2x.png in Resources */,
				BAB01A3A1503F4BE00F8747B /* ScalesBG2.png in Resources */,
				BAB01A3B1503F4BE00F8747B /* ScalesBG2@2x.png in Resources */,
				BAB01A3F1503F80E00F8747B /* arpeggiosBG.png in Resources */,
				BAB01A401503F80E00F8747B /* arpeggiosBG@2x.png in Resources */,
				BAB01A4315040FA400F8747B /* piecesBG.png in Resources */,
				BAB01A4415040FA400F8747B /* piecesBG@2x.png in Resources */,
				BAE1FFD815063910004D63E0 /* LisztTopText.png in Resources */,
				BAE1FFD915063910004D63E0 /* LisztTopText@2x.png in Resources */,
				BAE1FFDC1506F546004D63E0 /* StatsBGR.png in Resources */,
				BAE1FFDD1506F546004D63E0 /* StatsBGR@2x.png in Resources */,
				BAE1FFE21506F60B004D63E0 /* AddButtonR.png in Resources */,
				BAE1FFE31506F60B004D63E0 /* AddButtonR@2x.png in Resources */,
				BAE1FFE41506F60B004D63E0 /* DateButtonR.png in Resources */,
				BAE1FFE51506F60B004D63E0 /* DateButtonR@2x.png in Resources */,
				CE598BD91519012600B3BDB7 /* HistoryViewController.xib in Resources */,
			);
			runOnlyForDeploymentPostprocessing = 0;
		};
/* End PBXResourcesBuildPhase section */

/* Begin PBXSourcesBuildPhase section */
		BADA3F78140BD8DF00B57C49 /* Sources */ = {
			isa = PBXSourcesBuildPhase;
			buildActionMask = 2147483647;
			files = (
				BADA3F8B140BD8DF00B57C49 /* main.m in Sources */,
				BADA3F8F140BD8DF00B57C49 /* AppDelegate.m in Sources */,
				BADA3F9C140BD98200B57C49 /* Scale.m in Sources */,
				BADA3F9E140BD98200B57C49 /* FileHelpers.m in Sources */,
				BADA3FA2140BD9B700B57C49 /* ScalesPracticedCell.m in Sources */,
				BADA3FB3140BDA5D00B57C49 /* ScalePickerVC.m in Sources */,
				BA811C70140D38E100A5558A /* PiecesPickerVC.m in Sources */,
				BA811C76140D38F000A5558A /* StatsVC.m in Sources */,
				BA3077DC141E4164003124E6 /* CustomStepper.m in Sources */,
				BA019393142C146F004DCE8D /* Session.m in Sources */,
				BA8CC24C1436088A00ADE21B /* Timer.m in Sources */,
				BA513255145A484600043279 /* ACchooser.m in Sources */,
				BA513258145B5D5C00043279 /* DoubleTap.m in Sources */,
				BABEA1FC146368F00052D29D /* Piece.m in Sources */,
				BA64B00F147468C400B71D18 /* NSString+Number.m in Sources */,
				BA37B84D1482C9C800C41484 /* SectionHeaderView.m in Sources */,
				BA37B8531482D56E00C41484 /* SectionInfo.m in Sources */,
				BA5605761492D97500411BA9 /* TimerCell.m in Sources */,
				BA26622414ABAF4200D9F3F6 /* Metronome.m in Sources */,
				BAF21D4814D4EC2000CA7060 /* StatsVC+TableViewDelegate.m in Sources */,
				BAF21D4C14D5953000CA7060 /* StatsVC+Header.m in Sources */,
				BAE6998414E5555700D3ADF8 /* UIColor+YellowTextColor.m in Sources */,
				BACA58D014E866200054A634 /* BlockBackground.m in Sources */,
				BACA58D114E866200054A634 /* BlockActionSheet.m in Sources */,
				BACA58D214E866200054A634 /* BlockAlertView.m in Sources */,
				CE98858F14EC8B5000E8FA90 /* SessionStore.m in Sources */,
				CE48BEC314F31D27002535E5 /* DynamicLabel.m in Sources */,
				CE48BEC414F31D27002535E5 /* StopWatch.m in Sources */,
				BA44684114F92E0400AE0A0D /* NSMutableOrderedSet+DeepCopy.m in Sources */,
				BA19768214F95AC000085FAD /* CustomSegment.m in Sources */,
				BAB01A47150411AE00F8747B /* UITextField+Placeholder.m in Sources */,
				CECCE171150CF1650084B147 /* LisztCell.m in Sources */,
				CECCE175150D42060084B147 /* ScaleCell.m in Sources */,
				CE83174D150E7EEA00611DB5 /* CompoundString.m in Sources */,
				CE831751150E9F1E00611DB5 /* PieceCell.m in Sources */,
				BABD7C7815102955006C81BE /* NotesVC.m in Sources */,
				BABD7C7F151413C3006C81BE /* CustomSectionMove.m in Sources */,
				BA52EED615156FEB00C2A012 /* StatsView.m in Sources */,
				CE598BD61518FFAD00B3BDB7 /* HistoryViewController.m in Sources */,
				CE598BDC1519033200B3BDB7 /* ContainerViewController.m in Sources */,
				CE598BDF15191B6F00B3BDB7 /* HistoryCell.m in Sources */,
			);
			runOnlyForDeploymentPostprocessing = 0;
		};
/* End PBXSourcesBuildPhase section */

/* Begin PBXVariantGroup section */
		BADA3F87140BD8DF00B57C49 /* InfoPlist.strings */ = {
			isa = PBXVariantGroup;
			children = (
				BADA3F88140BD8DF00B57C49 /* en */,
			);
			name = InfoPlist.strings;
			sourceTree = "<group>";
		};
/* End PBXVariantGroup section */

/* Begin XCBuildConfiguration section */
		BA441C4E14C7B1BB0063482F /* Ad Hoc */ = {
			isa = XCBuildConfiguration;
			buildSettings = {
				ALWAYS_SEARCH_USER_PATHS = NO;
				ARCHS = "$(ARCHS_STANDARD_32_BIT)";
				CLANG_ENABLE_OBJC_ARC = YES;
				CODE_SIGN_IDENTITY = "iPhone Distribution";
				"CODE_SIGN_IDENTITY[sdk=iphoneos*]" = "iPhone Distribution";
				COPY_PHASE_STRIP = YES;
				GCC_C_LANGUAGE_STANDARD = gnu99;
				GCC_VERSION = com.apple.compilers.llvm.clang.1_0;
				GCC_WARN_ABOUT_MISSING_PROTOTYPES = YES;
				GCC_WARN_ABOUT_RETURN_TYPE = YES;
				GCC_WARN_UNUSED_VARIABLE = YES;
				IPHONEOS_DEPLOYMENT_TARGET = 5.0;
				OTHER_CFLAGS = "-DNS_BLOCK_ASSERTIONS=1";
				PROVISIONING_PROFILE = "";
				"PROVISIONING_PROFILE[sdk=iphoneos*]" = "";
				SDKROOT = iphoneos;
				VALIDATE_PRODUCT = YES;
			};
			name = "Ad Hoc";
		};
		BA441C4F14C7B1BB0063482F /* Ad Hoc */ = {
			isa = XCBuildConfiguration;
			buildSettings = {
				"CODE_SIGN_IDENTITY[sdk=iphoneos*]" = "iPhone Distribution";
				COPY_PHASE_STRIP = NO;
				GCC_PRECOMPILE_PREFIX_HEADER = YES;
				GCC_PREFIX_HEADER = "MusicLog/Liszt-Prefix.pch";
				INFOPLIST_FILE = "MusicLog/Liszt-Info.plist";
				IPHONEOS_DEPLOYMENT_TARGET = 5.0;
				LIBRARY_SEARCH_PATHS = (
					"$(inherited)",
					"\"$(SRCROOT)\"",
				);
				PRODUCT_NAME = Liszt;
				"PROVISIONING_PROFILE[sdk=iphoneos*]" = "";
				WRAPPER_EXTENSION = app;
			};
			name = "Ad Hoc";
		};
		BADA3F90140BD8DF00B57C49 /* Debug */ = {
			isa = XCBuildConfiguration;
			buildSettings = {
				ALWAYS_SEARCH_USER_PATHS = NO;
				ARCHS = "$(ARCHS_STANDARD_32_BIT)";
				CLANG_ENABLE_OBJC_ARC = YES;
				"CODE_SIGN_IDENTITY[sdk=iphoneos*]" = "iPhone Developer";
				COPY_PHASE_STRIP = NO;
				GCC_C_LANGUAGE_STANDARD = gnu99;
				GCC_DYNAMIC_NO_PIC = NO;
				GCC_OPTIMIZATION_LEVEL = 0;
				GCC_PREPROCESSOR_DEFINITIONS = (
					"DEBUG=1",
					"$(inherited)",
				);
				GCC_SYMBOLS_PRIVATE_EXTERN = NO;
				GCC_VERSION = com.apple.compilers.llvm.clang.1_0;
				GCC_WARN_ABOUT_MISSING_PROTOTYPES = YES;
				GCC_WARN_ABOUT_RETURN_TYPE = YES;
				GCC_WARN_UNUSED_VARIABLE = YES;
				IPHONEOS_DEPLOYMENT_TARGET = 5.0;
				SDKROOT = iphoneos;
			};
			name = Debug;
		};
		BADA3F91140BD8DF00B57C49 /* Release */ = {
			isa = XCBuildConfiguration;
			buildSettings = {
				ALWAYS_SEARCH_USER_PATHS = NO;
				ARCHS = "$(ARCHS_STANDARD_32_BIT)";
				CLANG_ENABLE_OBJC_ARC = YES;
				"CODE_SIGN_IDENTITY[sdk=iphoneos*]" = "iPhone Developer";
				COPY_PHASE_STRIP = YES;
				GCC_C_LANGUAGE_STANDARD = gnu99;
				GCC_VERSION = com.apple.compilers.llvm.clang.1_0;
				GCC_WARN_ABOUT_MISSING_PROTOTYPES = YES;
				GCC_WARN_ABOUT_RETURN_TYPE = YES;
				GCC_WARN_UNUSED_VARIABLE = YES;
				IPHONEOS_DEPLOYMENT_TARGET = 5.0;
				OTHER_CFLAGS = "-DNS_BLOCK_ASSERTIONS=1";
				SDKROOT = iphoneos;
				VALIDATE_PRODUCT = YES;
			};
			name = Release;
		};
		BADA3F93140BD8DF00B57C49 /* Debug */ = {
			isa = XCBuildConfiguration;
			buildSettings = {
				COPY_PHASE_STRIP = NO;
				GCC_PRECOMPILE_PREFIX_HEADER = YES;
				GCC_PREFIX_HEADER = "MusicLog/Liszt-Prefix.pch";
				INFOPLIST_FILE = "MusicLog/Liszt-Info.plist";
				IPHONEOS_DEPLOYMENT_TARGET = 5.0;
				LIBRARY_SEARCH_PATHS = (
					"$(inherited)",
					"\"$(SRCROOT)\"",
				);
				PRODUCT_NAME = Liszt;
				WRAPPER_EXTENSION = app;
			};
			name = Debug;
		};
		BADA3F94140BD8DF00B57C49 /* Release */ = {
			isa = XCBuildConfiguration;
			buildSettings = {
				COPY_PHASE_STRIP = NO;
				GCC_PRECOMPILE_PREFIX_HEADER = YES;
				GCC_PREFIX_HEADER = "MusicLog/Liszt-Prefix.pch";
				INFOPLIST_FILE = "MusicLog/Liszt-Info.plist";
				IPHONEOS_DEPLOYMENT_TARGET = 5.0;
				LIBRARY_SEARCH_PATHS = (
					"$(inherited)",
					"\"$(SRCROOT)\"",
				);
				PRODUCT_NAME = Liszt;
				WRAPPER_EXTENSION = app;
			};
			name = Release;
		};
/* End XCBuildConfiguration section */

/* Begin XCConfigurationList section */
		BADA3F76140BD8DF00B57C49 /* Build configuration list for PBXProject "Liszt" */ = {
			isa = XCConfigurationList;
			buildConfigurations = (
				BADA3F90140BD8DF00B57C49 /* Debug */,
				BADA3F91140BD8DF00B57C49 /* Release */,
				BA441C4E14C7B1BB0063482F /* Ad Hoc */,
			);
			defaultConfigurationIsVisible = 0;
			defaultConfigurationName = Release;
		};
		BADA3F92140BD8DF00B57C49 /* Build configuration list for PBXNativeTarget "Liszt" */ = {
			isa = XCConfigurationList;
			buildConfigurations = (
				BADA3F93140BD8DF00B57C49 /* Debug */,
				BADA3F94140BD8DF00B57C49 /* Release */,
				BA441C4F14C7B1BB0063482F /* Ad Hoc */,
			);
			defaultConfigurationIsVisible = 0;
			defaultConfigurationName = Release;
		};
/* End XCConfigurationList section */
	};
	rootObject = BADA3F73140BD8DF00B57C49 /* Project object */;
}
